// !$*UTF8*$!
{
	archiveVersion = 1;
	classes = {
	};
	objectVersion = 56;
	objects = {

/* Begin PBXBuildFile section */
		8D6A0AE32A8A57DC007554E4 /* A-河流上有什么.mp3 in Resources */ = {isa = PBXBuildFile; fileRef = 8D6A0AE22A8A57DC007554E4 /* A-河流上有什么.mp3 */; };
		8D6A0AE52A8A5827007554E4 /* A-拖拽.mp3 in Resources */ = {isa = PBXBuildFile; fileRef = 8D6A0AE42A8A5827007554E4 /* A-拖拽.mp3 */; };
		8D6A0AE72A8A582B007554E4 /* A-完成.mp3 in Resources */ = {isa = PBXBuildFile; fileRef = 8D6A0AE62A8A582B007554E4 /* A-完成.mp3 */; };
		8D9296342A70DD7C00822EC7 /* AppEntry.swift in Sources */ = {isa = PBXBuildFile; fileRef = 8D9296332A70DD7C00822EC7 /* AppEntry.swift */; };
		8D9296362A70DD7C00822EC7 /* HomeView.swift in Sources */ = {isa = PBXBuildFile; fileRef = 8D9296352A70DD7C00822EC7 /* HomeView.swift */; };
		8D9296382A70DD7D00822EC7 /* Assets.xcassets in Resources */ = {isa = PBXBuildFile; fileRef = 8D9296372A70DD7D00822EC7 /* Assets.xcassets */; };
		8D92963B2A70DD7D00822EC7 /* Preview Assets.xcassets in Resources */ = {isa = PBXBuildFile; fileRef = 8D92963A2A70DD7D00822EC7 /* Preview Assets.xcassets */; };
		8D9296452A712A2E00822EC7 /* K.swift in Sources */ = {isa = PBXBuildFile; fileRef = 8D9296442A712A2E00822EC7 /* K.swift */; };
		8D9296472A713BB600822EC7 /* ContentView.swift in Sources */ = {isa = PBXBuildFile; fileRef = 8D9296462A713BB600822EC7 /* ContentView.swift */; };
		8D9296492A713BC500822EC7 /* AppRouter.swift in Sources */ = {isa = PBXBuildFile; fileRef = 8D9296482A713BC500822EC7 /* AppRouter.swift */; };
		8D92964C2A713C4700822EC7 /* ProfileView.swift in Sources */ = {isa = PBXBuildFile; fileRef = 8D92964B2A713C4700822EC7 /* ProfileView.swift */; };
		8D92964F2A713D3900822EC7 /* StoryChallengeView.swift in Sources */ = {isa = PBXBuildFile; fileRef = 8D92964E2A713D3900822EC7 /* StoryChallengeView.swift */; };
		8D9296512A71473600822EC7 /* MyTabBar.swift in Sources */ = {isa = PBXBuildFile; fileRef = 8D9296502A71473600822EC7 /* MyTabBar.swift */; };
		8D9296532A71475E00822EC7 /* Tab.swift in Sources */ = {isa = PBXBuildFile; fileRef = 8D9296522A71475E00822EC7 /* Tab.swift */; };
		8D9296562A714FC900822EC7 /* CommunityView.swift in Sources */ = {isa = PBXBuildFile; fileRef = 8D9296552A714FC900822EC7 /* CommunityView.swift */; };
		8D9296582A7150E300822EC7 /* MainView.swift in Sources */ = {isa = PBXBuildFile; fileRef = 8D9296572A7150E300822EC7 /* MainView.swift */; };
		8D92965B2A71768400822EC7 /* NSLayoutAnchor+.swift in Sources */ = {isa = PBXBuildFile; fileRef = 8D92965A2A71768400822EC7 /* NSLayoutAnchor+.swift */; };
		8D92965D2A7176EE00822EC7 /* NSLayoutDimension+.swift in Sources */ = {isa = PBXBuildFile; fileRef = 8D92965C2A7176EE00822EC7 /* NSLayoutDimension+.swift */; };
		8D9296612A71779D00822EC7 /* UIView+.swift in Sources */ = {isa = PBXBuildFile; fileRef = 8D9296602A71779D00822EC7 /* UIView+.swift */; };
		8D9296632A7232BA00822EC7 /* UILayoutGuide+.swift in Sources */ = {isa = PBXBuildFile; fileRef = 8D9296622A7232BA00822EC7 /* UILayoutGuide+.swift */; };
		8D9296652A72332D00822EC7 /* UIColor+.swift in Sources */ = {isa = PBXBuildFile; fileRef = 8D9296642A72332D00822EC7 /* UIColor+.swift */; };
		8D92966A2A7234EA00822EC7 /* VDDrawBoardView.swift in Sources */ = {isa = PBXBuildFile; fileRef = 8D9296692A7234EA00822EC7 /* VDDrawBoardView.swift */; };
		8D92966C2A72350500822EC7 /* VDDrawBoardVC.swift in Sources */ = {isa = PBXBuildFile; fileRef = 8D92966B2A72350500822EC7 /* VDDrawBoardVC.swift */; };
		8D9296962A74B93F00822EC7 /* StoryGameModel.swift in Sources */ = {isa = PBXBuildFile; fileRef = 8D9296952A74B93F00822EC7 /* StoryGameModel.swift */; };
		8D9296A32A7504C900822EC7 /* ChallengeCell.swift in Sources */ = {isa = PBXBuildFile; fileRef = 8D9296A22A7504C900822EC7 /* ChallengeCell.swift */; };
		8D9296A52A8227FE00822EC7 /* 门前大桥下.mp4 in Resources */ = {isa = PBXBuildFile; fileRef = 8D9296A42A8227FE00822EC7 /* 门前大桥下.mp4 */; };
		8D9296A82A824B5600822EC7 /* StoriesListView.swift in Sources */ = {isa = PBXBuildFile; fileRef = 8D9296A72A824B5600822EC7 /* StoriesListView.swift */; };
		8D9296AA2A824F5A00822EC7 /* StoryCell.swift in Sources */ = {isa = PBXBuildFile; fileRef = 8D9296A92A824F5A00822EC7 /* StoryCell.swift */; };
		8D9296AD2A82552F00822EC7 /* StoryView.swift in Sources */ = {isa = PBXBuildFile; fileRef = 8D9296AC2A82552F00822EC7 /* StoryView.swift */; };
		8D9296B02A8295A200822EC7 /* SettingView.swift in Sources */ = {isa = PBXBuildFile; fileRef = 8D9296AF2A8295A200822EC7 /* SettingView.swift */; };
		8D9296CE2A84DE0300822EC7 /* Structs.swift in Sources */ = {isa = PBXBuildFile; fileRef = 8D9296CD2A84DE0300822EC7 /* Structs.swift */; };
		8D9296D02A84DFCD00822EC7 /* AnimalsCell.swift in Sources */ = {isa = PBXBuildFile; fileRef = 8D9296CF2A84DFCD00822EC7 /* AnimalsCell.swift */; };
		8D9296D22A84EEAA00822EC7 /* ColorCell.swift in Sources */ = {isa = PBXBuildFile; fileRef = 8D9296D12A84EEAA00822EC7 /* ColorCell.swift */; };
		8D9296D72A8613AE00822EC7 /* StoryGameVM.swift in Sources */ = {isa = PBXBuildFile; fileRef = 8D9296D62A8613AE00822EC7 /* StoryGameVM.swift */; };
		8D9296DA2A8632D300822EC7 /* Realm in Frameworks */ = {isa = PBXBuildFile; productRef = 8D9296D92A8632D300822EC7 /* Realm */; };
		8D9296DC2A8632D300822EC7 /* RealmSwift in Frameworks */ = {isa = PBXBuildFile; productRef = 8D9296DB2A8632D300822EC7 /* RealmSwift */; };
		8D9296E22A89FF9700822EC7 /* SwiftSpeech in Frameworks */ = {isa = PBXBuildFile; productRef = 8D9296E12A89FF9700822EC7 /* SwiftSpeech */; };
		8D9296EB2A8A470200822EC7 /* VictoryView.swift in Sources */ = {isa = PBXBuildFile; fileRef = 8D9296EA2A8A470200822EC7 /* VictoryView.swift */; };
		8DEB16D82A8DADA400A4DF1C /* A-数鸭子.mp3 in Resources */ = {isa = PBXBuildFile; fileRef = 8DEB16D72A8DADA400A4DF1C /* A-数鸭子.mp3 */; };
		8DEB16DA2A8E19B200A4DF1C /* DialogDrawingView.swift in Sources */ = {isa = PBXBuildFile; fileRef = 8DEB16D92A8E19B200A4DF1C /* DialogDrawingView.swift */; };
/* End PBXBuildFile section */

/* Begin PBXFileReference section */
		8D6A0AE22A8A57DC007554E4 /* A-河流上有什么.mp3 */ = {isa = PBXFileReference; lastKnownFileType = audio.mp3; path = "A-河流上有什么.mp3"; sourceTree = "<group>"; };
		8D6A0AE42A8A5827007554E4 /* A-拖拽.mp3 */ = {isa = PBXFileReference; lastKnownFileType = audio.mp3; path = "A-拖拽.mp3"; sourceTree = "<group>"; };
		8D6A0AE62A8A582B007554E4 /* A-完成.mp3 */ = {isa = PBXFileReference; lastKnownFileType = audio.mp3; path = "A-完成.mp3"; sourceTree = "<group>"; };
		8D9296302A70DD7C00822EC7 /* TalkDrawing.app */ = {isa = PBXFileReference; explicitFileType = wrapper.application; includeInIndex = 0; path = TalkDrawing.app; sourceTree = BUILT_PRODUCTS_DIR; };
		8D9296332A70DD7C00822EC7 /* AppEntry.swift */ = {isa = PBXFileReference; lastKnownFileType = sourcecode.swift; path = AppEntry.swift; sourceTree = "<group>"; };
		8D9296352A70DD7C00822EC7 /* HomeView.swift */ = {isa = PBXFileReference; lastKnownFileType = sourcecode.swift; path = HomeView.swift; sourceTree = "<group>"; };
		8D9296372A70DD7D00822EC7 /* Assets.xcassets */ = {isa = PBXFileReference; lastKnownFileType = folder.assetcatalog; path = Assets.xcassets; sourceTree = "<group>"; };
		8D92963A2A70DD7D00822EC7 /* Preview Assets.xcassets */ = {isa = PBXFileReference; lastKnownFileType = folder.assetcatalog; path = "Preview Assets.xcassets"; sourceTree = "<group>"; };
		8D9296442A712A2E00822EC7 /* K.swift */ = {isa = PBXFileReference; lastKnownFileType = sourcecode.swift; path = K.swift; sourceTree = "<group>"; };
		8D9296462A713BB600822EC7 /* ContentView.swift */ = {isa = PBXFileReference; lastKnownFileType = sourcecode.swift; path = ContentView.swift; sourceTree = "<group>"; };
		8D9296482A713BC500822EC7 /* AppRouter.swift */ = {isa = PBXFileReference; lastKnownFileType = sourcecode.swift; path = AppRouter.swift; sourceTree = "<group>"; };
		8D92964B2A713C4700822EC7 /* ProfileView.swift */ = {isa = PBXFileReference; lastKnownFileType = sourcecode.swift; path = ProfileView.swift; sourceTree = "<group>"; };
		8D92964E2A713D3900822EC7 /* StoryChallengeView.swift */ = {isa = PBXFileReference; lastKnownFileType = sourcecode.swift; path = StoryChallengeView.swift; sourceTree = "<group>"; };
		8D9296502A71473600822EC7 /* MyTabBar.swift */ = {isa = PBXFileReference; lastKnownFileType = sourcecode.swift; path = MyTabBar.swift; sourceTree = "<group>"; };
		8D9296522A71475E00822EC7 /* Tab.swift */ = {isa = PBXFileReference; lastKnownFileType = sourcecode.swift; path = Tab.swift; sourceTree = "<group>"; };
		8D9296552A714FC900822EC7 /* CommunityView.swift */ = {isa = PBXFileReference; lastKnownFileType = sourcecode.swift; path = CommunityView.swift; sourceTree = "<group>"; };
		8D9296572A7150E300822EC7 /* MainView.swift */ = {isa = PBXFileReference; lastKnownFileType = sourcecode.swift; path = MainView.swift; sourceTree = "<group>"; };
		8D92965A2A71768400822EC7 /* NSLayoutAnchor+.swift */ = {isa = PBXFileReference; lastKnownFileType = sourcecode.swift; path = "NSLayoutAnchor+.swift"; sourceTree = "<group>"; };
		8D92965C2A7176EE00822EC7 /* NSLayoutDimension+.swift */ = {isa = PBXFileReference; lastKnownFileType = sourcecode.swift; path = "NSLayoutDimension+.swift"; sourceTree = "<group>"; };
		8D9296602A71779D00822EC7 /* UIView+.swift */ = {isa = PBXFileReference; lastKnownFileType = sourcecode.swift; path = "UIView+.swift"; sourceTree = "<group>"; };
		8D9296622A7232BA00822EC7 /* UILayoutGuide+.swift */ = {isa = PBXFileReference; lastKnownFileType = sourcecode.swift; path = "UILayoutGuide+.swift"; sourceTree = "<group>"; };
		8D9296642A72332D00822EC7 /* UIColor+.swift */ = {isa = PBXFileReference; lastKnownFileType = sourcecode.swift; path = "UIColor+.swift"; sourceTree = "<group>"; };
		8D9296692A7234EA00822EC7 /* VDDrawBoardView.swift */ = {isa = PBXFileReference; lastKnownFileType = sourcecode.swift; path = VDDrawBoardView.swift; sourceTree = "<group>"; };
		8D92966B2A72350500822EC7 /* VDDrawBoardVC.swift */ = {isa = PBXFileReference; lastKnownFileType = sourcecode.swift; path = VDDrawBoardVC.swift; sourceTree = "<group>"; };
		8D9296952A74B93F00822EC7 /* StoryGameModel.swift */ = {isa = PBXFileReference; lastKnownFileType = sourcecode.swift; path = StoryGameModel.swift; sourceTree = "<group>"; };
		8D9296A22A7504C900822EC7 /* ChallengeCell.swift */ = {isa = PBXFileReference; lastKnownFileType = sourcecode.swift; path = ChallengeCell.swift; sourceTree = "<group>"; };
		8D9296A42A8227FE00822EC7 /* 门前大桥下.mp4 */ = {isa = PBXFileReference; lastKnownFileType = file; path = "门前大桥下.mp4"; sourceTree = "<group>"; };
		8D9296A72A824B5600822EC7 /* StoriesListView.swift */ = {isa = PBXFileReference; lastKnownFileType = sourcecode.swift; path = StoriesListView.swift; sourceTree = "<group>"; };
		8D9296A92A824F5A00822EC7 /* StoryCell.swift */ = {isa = PBXFileReference; lastKnownFileType = sourcecode.swift; path = StoryCell.swift; sourceTree = "<group>"; };
		8D9296AC2A82552F00822EC7 /* StoryView.swift */ = {isa = PBXFileReference; lastKnownFileType = sourcecode.swift; path = StoryView.swift; sourceTree = "<group>"; };
		8D9296AF2A8295A200822EC7 /* SettingView.swift */ = {isa = PBXFileReference; lastKnownFileType = sourcecode.swift; path = SettingView.swift; sourceTree = "<group>"; };
		8D9296CD2A84DE0300822EC7 /* Structs.swift */ = {isa = PBXFileReference; lastKnownFileType = sourcecode.swift; path = Structs.swift; sourceTree = "<group>"; };
		8D9296CF2A84DFCD00822EC7 /* AnimalsCell.swift */ = {isa = PBXFileReference; lastKnownFileType = sourcecode.swift; path = AnimalsCell.swift; sourceTree = "<group>"; };
		8D9296D12A84EEAA00822EC7 /* ColorCell.swift */ = {isa = PBXFileReference; lastKnownFileType = sourcecode.swift; path = ColorCell.swift; sourceTree = "<group>"; };
		8D9296D62A8613AE00822EC7 /* StoryGameVM.swift */ = {isa = PBXFileReference; lastKnownFileType = sourcecode.swift; path = StoryGameVM.swift; sourceTree = "<group>"; };
		8D9296E32A8A042300822EC7 /* Info.plist */ = {isa = PBXFileReference; lastKnownFileType = text.plist; path = Info.plist; sourceTree = "<group>"; };
		8D9296EA2A8A470200822EC7 /* VictoryView.swift */ = {isa = PBXFileReference; lastKnownFileType = sourcecode.swift; path = VictoryView.swift; sourceTree = "<group>"; };
		8DEB16D72A8DADA400A4DF1C /* A-数鸭子.mp3 */ = {isa = PBXFileReference; lastKnownFileType = audio.mp3; path = "A-数鸭子.mp3"; sourceTree = "<group>"; };
		8DEB16D92A8E19B200A4DF1C /* DialogDrawingView.swift */ = {isa = PBXFileReference; lastKnownFileType = sourcecode.swift; path = DialogDrawingView.swift; sourceTree = "<group>"; };
/* End PBXFileReference section */

/* Begin PBXFrameworksBuildPhase section */
		8D92962D2A70DD7C00822EC7 /* Frameworks */ = {
			isa = PBXFrameworksBuildPhase;
			buildActionMask = 2147483647;
			files = (
				8D9296DC2A8632D300822EC7 /* RealmSwift in Frameworks */,
				8D9296E22A89FF9700822EC7 /* SwiftSpeech in Frameworks */,
				8D9296DA2A8632D300822EC7 /* Realm in Frameworks */,
			);
			runOnlyForDeploymentPostprocessing = 0;
		};
/* End PBXFrameworksBuildPhase section */

/* Begin PBXGroup section */
		8D6A0AE02A8A57BD007554E4 /* StoryGame */ = {
			isa = PBXGroup;
			children = (
				8D6A0AE12A8A57CA007554E4 /* 门前大桥下 */,
			);
			path = StoryGame;
			sourceTree = "<group>";
		};
		8D6A0AE12A8A57CA007554E4 /* 门前大桥下 */ = {
			isa = PBXGroup;
			children = (
				8DEB16D72A8DADA400A4DF1C /* A-数鸭子.mp3 */,
				8D6A0AE62A8A582B007554E4 /* A-完成.mp3 */,
				8D6A0AE42A8A5827007554E4 /* A-拖拽.mp3 */,
				8D6A0AE22A8A57DC007554E4 /* A-河流上有什么.mp3 */,
				8D9296A42A8227FE00822EC7 /* 门前大桥下.mp4 */,
			);
			path = "门前大桥下";
			sourceTree = "<group>";
		};
		8D9296272A70DD7C00822EC7 = {
			isa = PBXGroup;
			children = (
				8D9296322A70DD7C00822EC7 /* TalkDrawing */,
				8D9296312A70DD7C00822EC7 /* Products */,
			);
			sourceTree = "<group>";
		};
		8D9296312A70DD7C00822EC7 /* Products */ = {
			isa = PBXGroup;
			children = (
				8D9296302A70DD7C00822EC7 /* TalkDrawing.app */,
			);
			name = Products;
			sourceTree = "<group>";
		};
		8D9296322A70DD7C00822EC7 /* TalkDrawing */ = {
			isa = PBXGroup;
			children = (
				8D9296E32A8A042300822EC7 /* Info.plist */,
				8D9296332A70DD7C00822EC7 /* AppEntry.swift */,
				8D9296942A74B92600822EC7 /* Model */,
				8D9296D32A84F49500822EC7 /* ViewModel */,
				8D9296592A71764500822EC7 /* Extensions */,
				8D9296432A712A1B00822EC7 /* Constents */,
				8D9296412A71257C00822EC7 /* Views */,
				8D9296372A70DD7D00822EC7 /* Assets.xcassets */,
				8D9296992A74BAA700822EC7 /* Resources */,
				8D9296392A70DD7D00822EC7 /* Preview Content */,
			);
			path = TalkDrawing;
			sourceTree = "<group>";
		};
		8D9296392A70DD7D00822EC7 /* Preview Content */ = {
			isa = PBXGroup;
			children = (
				8D92963A2A70DD7D00822EC7 /* Preview Assets.xcassets */,
			);
			path = "Preview Content";
			sourceTree = "<group>";
		};
		8D9296412A71257C00822EC7 /* Views */ = {
			isa = PBXGroup;
			children = (
				8D9296462A713BB600822EC7 /* ContentView.swift */,
				8D9296422A71259100822EC7 /* HomeView */,
				8D9296542A714FA900822EC7 /* CommunityView */,
				8D92964A2A713C0100822EC7 /* ProfileView */,
				8D9296AE2A82958700822EC7 /* SettingView */,
			);
			path = Views;
			sourceTree = "<group>";
		};
		8D9296422A71259100822EC7 /* HomeView */ = {
			isa = PBXGroup;
			children = (
				8D9296352A70DD7C00822EC7 /* HomeView.swift */,
				8D9296502A71473600822EC7 /* MyTabBar.swift */,
				8D9296572A7150E300822EC7 /* MainView.swift */,
				8D9296662A72340500822EC7 /* StoryChallengeView */,
				8D9296672A72343E00822EC7 /* VoiceDiaryView */,
				8D9296682A72346D00822EC7 /* StoryOrator */,
			);
			path = HomeView;
			sourceTree = "<group>";
		};
		8D9296432A712A1B00822EC7 /* Constents */ = {
			isa = PBXGroup;
			children = (
				8D9296442A712A2E00822EC7 /* K.swift */,
				8D9296482A713BC500822EC7 /* AppRouter.swift */,
				8D9296522A71475E00822EC7 /* Tab.swift */,
				8D9296CD2A84DE0300822EC7 /* Structs.swift */,
			);
			path = Constents;
			sourceTree = "<group>";
			wrapsLines = 1;
		};
		8D92964A2A713C0100822EC7 /* ProfileView */ = {
			isa = PBXGroup;
			children = (
				8D92964B2A713C4700822EC7 /* ProfileView.swift */,
			);
			path = ProfileView;
			sourceTree = "<group>";
		};
		8D9296542A714FA900822EC7 /* CommunityView */ = {
			isa = PBXGroup;
			children = (
				8D9296552A714FC900822EC7 /* CommunityView.swift */,
			);
			path = CommunityView;
			sourceTree = "<group>";
		};
		8D9296592A71764500822EC7 /* Extensions */ = {
			isa = PBXGroup;
			children = (
				8D92965A2A71768400822EC7 /* NSLayoutAnchor+.swift */,
				8D92965C2A7176EE00822EC7 /* NSLayoutDimension+.swift */,
				8D9296602A71779D00822EC7 /* UIView+.swift */,
				8D9296622A7232BA00822EC7 /* UILayoutGuide+.swift */,
				8D9296642A72332D00822EC7 /* UIColor+.swift */,
			);
			path = Extensions;
			sourceTree = "<group>";
		};
		8D9296662A72340500822EC7 /* StoryChallengeView */ = {
			isa = PBXGroup;
			children = (
				8D9296A62A824B4000822EC7 /* StoriesListView */,
				8D92964E2A713D3900822EC7 /* StoryChallengeView.swift */,
				8D9296A22A7504C900822EC7 /* ChallengeCell.swift */,
			);
			path = StoryChallengeView;
			sourceTree = "<group>";
		};
		8D9296672A72343E00822EC7 /* VoiceDiaryView */ = {
			isa = PBXGroup;
			children = (
				8DEB16D92A8E19B200A4DF1C /* DialogDrawingView.swift */,
				8D92966F2A72353100822EC7 /* VDDrawBoardView */,
			);
			path = VoiceDiaryView;
			sourceTree = "<group>";
		};
		8D9296682A72346D00822EC7 /* StoryOrator */ = {
			isa = PBXGroup;
			children = (
			);
			path = StoryOrator;
			sourceTree = "<group>";
		};
		8D92966F2A72353100822EC7 /* VDDrawBoardView */ = {
			isa = PBXGroup;
			children = (
				8D9296692A7234EA00822EC7 /* VDDrawBoardView.swift */,
				8D92966B2A72350500822EC7 /* VDDrawBoardVC.swift */,
			);
			path = VDDrawBoardView;
			sourceTree = "<group>";
		};
		8D9296942A74B92600822EC7 /* Model */ = {
			isa = PBXGroup;
			children = (
				8D9296952A74B93F00822EC7 /* StoryGameModel.swift */,
			);
			path = Model;
			sourceTree = "<group>";
		};
		8D9296992A74BAA700822EC7 /* Resources */ = {
			isa = PBXGroup;
			children = (
				8D6A0AE02A8A57BD007554E4 /* StoryGame */,
			);
			path = Resources;
			sourceTree = "<group>";
		};
		8D9296A62A824B4000822EC7 /* StoriesListView */ = {
			isa = PBXGroup;
			children = (
				8D9296A72A824B5600822EC7 /* StoriesListView.swift */,
				8D9296A92A824F5A00822EC7 /* StoryCell.swift */,
				8D9296AB2A82551900822EC7 /* StoryView */,
			);
			path = StoriesListView;
			sourceTree = "<group>";
		};
		8D9296AB2A82551900822EC7 /* StoryView */ = {
			isa = PBXGroup;
			children = (
				8D9296AC2A82552F00822EC7 /* StoryView.swift */,
				8D9296CF2A84DFCD00822EC7 /* AnimalsCell.swift */,
				8D9296D12A84EEAA00822EC7 /* ColorCell.swift */,
				8D9296EA2A8A470200822EC7 /* VictoryView.swift */,
			);
			path = StoryView;
			sourceTree = "<group>";
		};
		8D9296AE2A82958700822EC7 /* SettingView */ = {
			isa = PBXGroup;
			children = (
				8D9296AF2A8295A200822EC7 /* SettingView.swift */,
			);
			path = SettingView;
			sourceTree = "<group>";
		};
		8D9296D32A84F49500822EC7 /* ViewModel */ = {
			isa = PBXGroup;
			children = (
				8D9296D62A8613AE00822EC7 /* StoryGameVM.swift */,
			);
			path = ViewModel;
			sourceTree = "<group>";
		};
/* End PBXGroup section */

/* Begin PBXNativeTarget section */
		8D92962F2A70DD7C00822EC7 /* TalkDrawing */ = {
			isa = PBXNativeTarget;
			buildConfigurationList = 8D92963E2A70DD7D00822EC7 /* Build configuration list for PBXNativeTarget "TalkDrawing" */;
			buildPhases = (
				8D92962C2A70DD7C00822EC7 /* Sources */,
				8D92962D2A70DD7C00822EC7 /* Frameworks */,
				8D92962E2A70DD7C00822EC7 /* Resources */,
			);
			buildRules = (
			);
			dependencies = (
			);
			name = TalkDrawing;
			packageProductDependencies = (
				8D9296D92A8632D300822EC7 /* Realm */,
				8D9296DB2A8632D300822EC7 /* RealmSwift */,
				8D9296E12A89FF9700822EC7 /* SwiftSpeech */,
			);
			productName = TalkDrawing;
			productReference = 8D9296302A70DD7C00822EC7 /* TalkDrawing.app */;
			productType = "com.apple.product-type.application";
		};
/* End PBXNativeTarget section */

/* Begin PBXProject section */
		8D9296282A70DD7C00822EC7 /* Project object */ = {
			isa = PBXProject;
			attributes = {
				BuildIndependentTargetsInParallel = 1;
				LastSwiftUpdateCheck = 1430;
				LastUpgradeCheck = 1430;
				TargetAttributes = {
					8D92962F2A70DD7C00822EC7 = {
						CreatedOnToolsVersion = 14.3.1;
					};
				};
			};
			buildConfigurationList = 8D92962B2A70DD7C00822EC7 /* Build configuration list for PBXProject "TalkDrawing" */;
			compatibilityVersion = "Xcode 14.0";
			developmentRegion = en;
			hasScannedForEncodings = 0;
			knownRegions = (
				en,
				Base,
			);
			mainGroup = 8D9296272A70DD7C00822EC7;
			packageReferences = (
				8D9296D82A8632D300822EC7 /* XCRemoteSwiftPackageReference "realm-swift" */,
				8D9296E02A89FF9700822EC7 /* XCRemoteSwiftPackageReference "SwiftSpeech" */,
			);
			productRefGroup = 8D9296312A70DD7C00822EC7 /* Products */;
			projectDirPath = "";
			projectRoot = "";
			targets = (
				8D92962F2A70DD7C00822EC7 /* TalkDrawing */,
			);
		};
/* End PBXProject section */

/* Begin PBXResourcesBuildPhase section */
		8D92962E2A70DD7C00822EC7 /* Resources */ = {
			isa = PBXResourcesBuildPhase;
			buildActionMask = 2147483647;
			files = (
				8DEB16D82A8DADA400A4DF1C /* A-数鸭子.mp3 in Resources */,
				8D6A0AE52A8A5827007554E4 /* A-拖拽.mp3 in Resources */,
				8D9296A52A8227FE00822EC7 /* 门前大桥下.mp4 in Resources */,
				8D92963B2A70DD7D00822EC7 /* Preview Assets.xcassets in Resources */,
				8D9296382A70DD7D00822EC7 /* Assets.xcassets in Resources */,
				8D6A0AE72A8A582B007554E4 /* A-完成.mp3 in Resources */,
				8D6A0AE32A8A57DC007554E4 /* A-河流上有什么.mp3 in Resources */,
			);
			runOnlyForDeploymentPostprocessing = 0;
		};
/* End PBXResourcesBuildPhase section */

/* Begin PBXSourcesBuildPhase section */
		8D92962C2A70DD7C00822EC7 /* Sources */ = {
			isa = PBXSourcesBuildPhase;
			buildActionMask = 2147483647;
			files = (
				8D92964F2A713D3900822EC7 /* StoryChallengeView.swift in Sources */,
				8D9296652A72332D00822EC7 /* UIColor+.swift in Sources */,
				8D92965B2A71768400822EC7 /* NSLayoutAnchor+.swift in Sources */,
				8D92966C2A72350500822EC7 /* VDDrawBoardVC.swift in Sources */,
				8D9296AD2A82552F00822EC7 /* StoryView.swift in Sources */,
				8D9296632A7232BA00822EC7 /* UILayoutGuide+.swift in Sources */,
				8D9296452A712A2E00822EC7 /* K.swift in Sources */,
				8D9296D72A8613AE00822EC7 /* StoryGameVM.swift in Sources */,
				8D9296362A70DD7C00822EC7 /* HomeView.swift in Sources */,
				8D9296512A71473600822EC7 /* MyTabBar.swift in Sources */,
				8D9296A82A824B5600822EC7 /* StoriesListView.swift in Sources */,
				8D9296962A74B93F00822EC7 /* StoryGameModel.swift in Sources */,
				8D9296AA2A824F5A00822EC7 /* StoryCell.swift in Sources */,
				8D9296D02A84DFCD00822EC7 /* AnimalsCell.swift in Sources */,
				8D92965D2A7176EE00822EC7 /* NSLayoutDimension+.swift in Sources */,
				8D9296472A713BB600822EC7 /* ContentView.swift in Sources */,
				8D9296492A713BC500822EC7 /* AppRouter.swift in Sources */,
				8D9296612A71779D00822EC7 /* UIView+.swift in Sources */,
				8D9296EB2A8A470200822EC7 /* VictoryView.swift in Sources */,
				8D9296532A71475E00822EC7 /* Tab.swift in Sources */,
				8D9296582A7150E300822EC7 /* MainView.swift in Sources */,
				8D92964C2A713C4700822EC7 /* ProfileView.swift in Sources */,
				8D9296B02A8295A200822EC7 /* SettingView.swift in Sources */,
				8DEB16DA2A8E19B200A4DF1C /* DialogDrawingView.swift in Sources */,
				8D9296D22A84EEAA00822EC7 /* ColorCell.swift in Sources */,
				8D92966A2A7234EA00822EC7 /* VDDrawBoardView.swift in Sources */,
				8D9296CE2A84DE0300822EC7 /* Structs.swift in Sources */,
				8D9296A32A7504C900822EC7 /* ChallengeCell.swift in Sources */,
				8D9296562A714FC900822EC7 /* CommunityView.swift in Sources */,
				8D9296342A70DD7C00822EC7 /* AppEntry.swift in Sources */,
			);
			runOnlyForDeploymentPostprocessing = 0;
		};
/* End PBXSourcesBuildPhase section */

/* Begin XCBuildConfiguration section */
		8D92963C2A70DD7D00822EC7 /* Debug */ = {
			isa = XCBuildConfiguration;
			buildSettings = {
				ALWAYS_SEARCH_USER_PATHS = NO;
				CLANG_ANALYZER_NONNULL = YES;
				CLANG_ANALYZER_NUMBER_OBJECT_CONVERSION = YES_AGGRESSIVE;
				CLANG_CXX_LANGUAGE_STANDARD = "gnu++20";
				CLANG_ENABLE_MODULES = YES;
				CLANG_ENABLE_OBJC_ARC = YES;
				CLANG_ENABLE_OBJC_WEAK = YES;
				CLANG_WARN_BLOCK_CAPTURE_AUTORELEASING = YES;
				CLANG_WARN_BOOL_CONVERSION = YES;
				CLANG_WARN_COMMA = YES;
				CLANG_WARN_CONSTANT_CONVERSION = YES;
				CLANG_WARN_DEPRECATED_OBJC_IMPLEMENTATIONS = YES;
				CLANG_WARN_DIRECT_OBJC_ISA_USAGE = YES_ERROR;
				CLANG_WARN_DOCUMENTATION_COMMENTS = YES;
				CLANG_WARN_EMPTY_BODY = YES;
				CLANG_WARN_ENUM_CONVERSION = YES;
				CLANG_WARN_INFINITE_RECURSION = YES;
				CLANG_WARN_INT_CONVERSION = YES;
				CLANG_WARN_NON_LITERAL_NULL_CONVERSION = YES;
				CLANG_WARN_OBJC_IMPLICIT_RETAIN_SELF = YES;
				CLANG_WARN_OBJC_LITERAL_CONVERSION = YES;
				CLANG_WARN_OBJC_ROOT_CLASS = YES_ERROR;
				CLANG_WARN_QUOTED_INCLUDE_IN_FRAMEWORK_HEADER = YES;
				CLANG_WARN_RANGE_LOOP_ANALYSIS = YES;
				CLANG_WARN_STRICT_PROTOTYPES = YES;
				CLANG_WARN_SUSPICIOUS_MOVE = YES;
				CLANG_WARN_UNGUARDED_AVAILABILITY = YES_AGGRESSIVE;
				CLANG_WARN_UNREACHABLE_CODE = YES;
				CLANG_WARN__DUPLICATE_METHOD_MATCH = YES;
				COPY_PHASE_STRIP = NO;
				DEBUG_INFORMATION_FORMAT = dwarf;
				ENABLE_STRICT_OBJC_MSGSEND = YES;
				ENABLE_TESTABILITY = YES;
				GCC_C_LANGUAGE_STANDARD = gnu11;
				GCC_DYNAMIC_NO_PIC = NO;
				GCC_NO_COMMON_BLOCKS = YES;
				GCC_OPTIMIZATION_LEVEL = 0;
				GCC_PREPROCESSOR_DEFINITIONS = (
					"DEBUG=1",
					"$(inherited)",
				);
				GCC_WARN_64_TO_32_BIT_CONVERSION = YES;
				GCC_WARN_ABOUT_RETURN_TYPE = YES_ERROR;
				GCC_WARN_UNDECLARED_SELECTOR = YES;
				GCC_WARN_UNINITIALIZED_AUTOS = YES_AGGRESSIVE;
				GCC_WARN_UNUSED_FUNCTION = YES;
				GCC_WARN_UNUSED_VARIABLE = YES;
				IPHONEOS_DEPLOYMENT_TARGET = 16.0;
				MTL_ENABLE_DEBUG_INFO = INCLUDE_SOURCE;
				MTL_FAST_MATH = YES;
				ONLY_ACTIVE_ARCH = YES;
				SDKROOT = iphoneos;
				SWIFT_ACTIVE_COMPILATION_CONDITIONS = DEBUG;
				SWIFT_OPTIMIZATION_LEVEL = "-Onone";
			};
			name = Debug;
		};
		8D92963D2A70DD7D00822EC7 /* Release */ = {
			isa = XCBuildConfiguration;
			buildSettings = {
				ALWAYS_SEARCH_USER_PATHS = NO;
				CLANG_ANALYZER_NONNULL = YES;
				CLANG_ANALYZER_NUMBER_OBJECT_CONVERSION = YES_AGGRESSIVE;
				CLANG_CXX_LANGUAGE_STANDARD = "gnu++20";
				CLANG_ENABLE_MODULES = YES;
				CLANG_ENABLE_OBJC_ARC = YES;
				CLANG_ENABLE_OBJC_WEAK = YES;
				CLANG_WARN_BLOCK_CAPTURE_AUTORELEASING = YES;
				CLANG_WARN_BOOL_CONVERSION = YES;
				CLANG_WARN_COMMA = YES;
				CLANG_WARN_CONSTANT_CONVERSION = YES;
				CLANG_WARN_DEPRECATED_OBJC_IMPLEMENTATIONS = YES;
				CLANG_WARN_DIRECT_OBJC_ISA_USAGE = YES_ERROR;
				CLANG_WARN_DOCUMENTATION_COMMENTS = YES;
				CLANG_WARN_EMPTY_BODY = YES;
				CLANG_WARN_ENUM_CONVERSION = YES;
				CLANG_WARN_INFINITE_RECURSION = YES;
				CLANG_WARN_INT_CONVERSION = YES;
				CLANG_WARN_NON_LITERAL_NULL_CONVERSION = YES;
				CLANG_WARN_OBJC_IMPLICIT_RETAIN_SELF = YES;
				CLANG_WARN_OBJC_LITERAL_CONVERSION = YES;
				CLANG_WARN_OBJC_ROOT_CLASS = YES_ERROR;
				CLANG_WARN_QUOTED_INCLUDE_IN_FRAMEWORK_HEADER = YES;
				CLANG_WARN_RANGE_LOOP_ANALYSIS = YES;
				CLANG_WARN_STRICT_PROTOTYPES = YES;
				CLANG_WARN_SUSPICIOUS_MOVE = YES;
				CLANG_WARN_UNGUARDED_AVAILABILITY = YES_AGGRESSIVE;
				CLANG_WARN_UNREACHABLE_CODE = YES;
				CLANG_WARN__DUPLICATE_METHOD_MATCH = YES;
				COPY_PHASE_STRIP = NO;
				DEBUG_INFORMATION_FORMAT = "dwarf-with-dsym";
				ENABLE_NS_ASSERTIONS = NO;
				ENABLE_STRICT_OBJC_MSGSEND = YES;
				GCC_C_LANGUAGE_STANDARD = gnu11;
				GCC_NO_COMMON_BLOCKS = YES;
				GCC_WARN_64_TO_32_BIT_CONVERSION = YES;
				GCC_WARN_ABOUT_RETURN_TYPE = YES_ERROR;
				GCC_WARN_UNDECLARED_SELECTOR = YES;
				GCC_WARN_UNINITIALIZED_AUTOS = YES_AGGRESSIVE;
				GCC_WARN_UNUSED_FUNCTION = YES;
				GCC_WARN_UNUSED_VARIABLE = YES;
				IPHONEOS_DEPLOYMENT_TARGET = 16.0;
				MTL_ENABLE_DEBUG_INFO = NO;
				MTL_FAST_MATH = YES;
				SDKROOT = iphoneos;
				SWIFT_COMPILATION_MODE = wholemodule;
				SWIFT_OPTIMIZATION_LEVEL = "-O";
				VALIDATE_PRODUCT = YES;
			};
			name = Release;
		};
		8D92963F2A70DD7D00822EC7 /* Debug */ = {
			isa = XCBuildConfiguration;
			buildSettings = {
				ASSETCATALOG_COMPILER_APPICON_NAME = AppIcon;
				ASSETCATALOG_COMPILER_GLOBAL_ACCENT_COLOR_NAME = AccentColor;
				CODE_SIGN_STYLE = Automatic;
				CURRENT_PROJECT_VERSION = 1;
				DEVELOPMENT_ASSET_PATHS = "\"TalkDrawing/Preview Content\"";
				DEVELOPMENT_TEAM = DADW9Q983Q;
				ENABLE_PREVIEWS = YES;
				GENERATE_INFOPLIST_FILE = YES;
				INFOPLIST_FILE = TalkDrawing/Info.plist;
				INFOPLIST_KEY_NSMicrophoneUsageDescription = "This app uses the mircrophone to record audio for speech recognition.";
				INFOPLIST_KEY_NSSpeechRecognitionUsageDescription = "This app uses speech recognition to convert your speech into text.";
				INFOPLIST_KEY_UIApplicationSceneManifest_Generation = YES;
				INFOPLIST_KEY_UIApplicationSupportsIndirectInputEvents = YES;
				INFOPLIST_KEY_UILaunchScreen_Generation = YES;
				INFOPLIST_KEY_UISupportedInterfaceOrientations = "UIInterfaceOrientationLandscapeLeft UIInterfaceOrientationLandscapeRight UIInterfaceOrientationPortrait";
				INFOPLIST_KEY_UISupportedInterfaceOrientations_iPad = "UIInterfaceOrientationLandscapeLeft UIInterfaceOrientationLandscapeRight";
				IPHONEOS_DEPLOYMENT_TARGET = 16.0;
				LD_RUNPATH_SEARCH_PATHS = (
					"$(inherited)",
					"@executable_path/Frameworks",
				);
				MARKETING_VERSION = 1.0;
				PRODUCT_BUNDLE_IDENTIFIER = com.elee.TalkDrawing.TalkDrawing;
				PRODUCT_NAME = "$(TARGET_NAME)";
				SUPPORTED_PLATFORMS = "iphoneos iphonesimulator";
				SUPPORTS_MACCATALYST = NO;
				SUPPORTS_MAC_DESIGNED_FOR_IPHONE_IPAD = NO;
				SWIFT_EMIT_LOC_STRINGS = YES;
				SWIFT_VERSION = 5.0;
				TARGETED_DEVICE_FAMILY = 2;
			};
			name = Debug;
		};
		8D9296402A70DD7D00822EC7 /* Release */ = {
			isa = XCBuildConfiguration;
			buildSettings = {
				ASSETCATALOG_COMPILER_APPICON_NAME = AppIcon;
				ASSETCATALOG_COMPILER_GLOBAL_ACCENT_COLOR_NAME = AccentColor;
				CODE_SIGN_STYLE = Automatic;
				CURRENT_PROJECT_VERSION = 1;
				DEVELOPMENT_ASSET_PATHS = "\"TalkDrawing/Preview Content\"";
				DEVELOPMENT_TEAM = DADW9Q983Q;
				ENABLE_PREVIEWS = YES;
				GENERATE_INFOPLIST_FILE = YES;
				INFOPLIST_FILE = TalkDrawing/Info.plist;
				INFOPLIST_KEY_NSMicrophoneUsageDescription = "This app uses the mircrophone to record audio for speech recognition.";
				INFOPLIST_KEY_NSSpeechRecognitionUsageDescription = "This app uses speech recognition to convert your speech into text.";
				INFOPLIST_KEY_UIApplicationSceneManifest_Generation = YES;
				INFOPLIST_KEY_UIApplicationSupportsIndirectInputEvents = YES;
				INFOPLIST_KEY_UILaunchScreen_Generation = YES;
				INFOPLIST_KEY_UISupportedInterfaceOrientations = "UIInterfaceOrientationLandscapeLeft UIInterfaceOrientationLandscapeRight UIInterfaceOrientationPortrait";
				INFOPLIST_KEY_UISupportedInterfaceOrientations_iPad = "UIInterfaceOrientationLandscapeLeft UIInterfaceOrientationLandscapeRight";
				IPHONEOS_DEPLOYMENT_TARGET = 16.0;
				LD_RUNPATH_SEARCH_PATHS = (
					"$(inherited)",
					"@executable_path/Frameworks",
				);
				MARKETING_VERSION = 1.0;
				PRODUCT_BUNDLE_IDENTIFIER = com.elee.TalkDrawing.TalkDrawing;
				PRODUCT_NAME = "$(TARGET_NAME)";
				SUPPORTED_PLATFORMS = "iphoneos iphonesimulator";
				SUPPORTS_MACCATALYST = NO;
				SUPPORTS_MAC_DESIGNED_FOR_IPHONE_IPAD = NO;
				SWIFT_EMIT_LOC_STRINGS = YES;
				SWIFT_VERSION = 5.0;
				TARGETED_DEVICE_FAMILY = 2;
			};
			name = Release;
		};
/* End XCBuildConfiguration section */

/* Begin XCConfigurationList section */
		8D92962B2A70DD7C00822EC7 /* Build configuration list for PBXProject "TalkDrawing" */ = {
			isa = XCConfigurationList;
			buildConfigurations = (
				8D92963C2A70DD7D00822EC7 /* Debug */,
				8D92963D2A70DD7D00822EC7 /* Release */,
			);
			defaultConfigurationIsVisible = 0;
			defaultConfigurationName = Release;
		};
		8D92963E2A70DD7D00822EC7 /* Build configuration list for PBXNativeTarget "TalkDrawing" */ = {
			isa = XCConfigurationList;
			buildConfigurations = (
				8D92963F2A70DD7D00822EC7 /* Debug */,
				8D9296402A70DD7D00822EC7 /* Release */,
			);
			defaultConfigurationIsVisible = 0;
			defaultConfigurationName = Release;
		};
/* End XCConfigurationList section */

/* Begin XCRemoteSwiftPackageReference section */
		8D9296D82A8632D300822EC7 /* XCRemoteSwiftPackageReference "realm-swift" */ = {
			isa = XCRemoteSwiftPackageReference;
			repositoryURL = "https://github.com/realm/realm-swift.git";
			requirement = {
				kind = upToNextMajorVersion;
				minimumVersion = 10.42.0;
			};
		};
		8D9296E02A89FF9700822EC7 /* XCRemoteSwiftPackageReference "SwiftSpeech" */ = {
			isa = XCRemoteSwiftPackageReference;
			repositoryURL = "https://github.com/Cay-Zhang/SwiftSpeech";
			requirement = {
				branch = master;
				kind = branch;
			};
		};
/* End XCRemoteSwiftPackageReference section */

/* Begin XCSwiftPackageProductDependency section */
		8D9296D92A8632D300822EC7 /* Realm */ = {
			isa = XCSwiftPackageProductDependency;
			package = 8D9296D82A8632D300822EC7 /* XCRemoteSwiftPackageReference "realm-swift" */;
			productName = Realm;
		};
		8D9296DB2A8632D300822EC7 /* RealmSwift */ = {
			isa = XCSwiftPackageProductDependency;
			package = 8D9296D82A8632D300822EC7 /* XCRemoteSwiftPackageReference "realm-swift" */;
			productName = RealmSwift;
		};
		8D9296E12A89FF9700822EC7 /* SwiftSpeech */ = {
			isa = XCSwiftPackageProductDependency;
			package = 8D9296E02A89FF9700822EC7 /* XCRemoteSwiftPackageReference "SwiftSpeech" */;
			productName = SwiftSpeech;
		};
/* End XCSwiftPackageProductDependency section */
	};
	rootObject = 8D9296282A70DD7C00822EC7 /* Project object */;
}
