// !$*UTF8*$!
{
	archiveVersion = 1;
	classes = {
	};
	objectVersion = 56;
	objects = {

/* Begin PBXBuildFile section */
		8D372D4A2A97348D006BEC70 /* View+.swift in Sources */ = {isa = PBXBuildFile; fileRef = 8D372D492A97348D006BEC70 /* View+.swift */; };
		8D372D502A973BF5006BEC70 /* 何地.mp3 in Resources */ = {isa = PBXBuildFile; fileRef = 8D372D4C2A973BF5006BEC70 /* 何地.mp3 */; };
		8D372D512A973BF5006BEC70 /* 何时.mp3 in Resources */ = {isa = PBXBuildFile; fileRef = 8D372D4D2A973BF5006BEC70 /* 何时.mp3 */; };
		8D372D522A973BF5006BEC70 /* 何人.mp3 in Resources */ = {isa = PBXBuildFile; fileRef = 8D372D4E2A973BF5006BEC70 /* 何人.mp3 */; };
		8D372D532A973BF5006BEC70 /* 何事.mp3 in Resources */ = {isa = PBXBuildFile; fileRef = 8D372D4F2A973BF5006BEC70 /* 何事.mp3 */; };
		8D372D552A977ECB006BEC70 /* DrawingTools.swift in Sources */ = {isa = PBXBuildFile; fileRef = 8D372D542A977ECB006BEC70 /* DrawingTools.swift */; };
		8D372D572A978370006BEC70 /* StoryOratorView.swift in Sources */ = {isa = PBXBuildFile; fileRef = 8D372D562A978370006BEC70 /* StoryOratorView.swift */; };
		8D6A0AE32A8A57DC007554E4 /* A-河流上有什么.mp3 in Resources */ = {isa = PBXBuildFile; fileRef = 8D6A0AE22A8A57DC007554E4 /* A-河流上有什么.mp3 */; };
		8D6A0AE52A8A5827007554E4 /* A-拖拽.mp3 in Resources */ = {isa = PBXBuildFile; fileRef = 8D6A0AE42A8A5827007554E4 /* A-拖拽.mp3 */; };
		8D6A0AE72A8A582B007554E4 /* A-完成.mp3 in Resources */ = {isa = PBXBuildFile; fileRef = 8D6A0AE62A8A582B007554E4 /* A-完成.mp3 */; };
		8D8349D62A99AF7000477D3F /* 门前大桥下.mp4 in Resources */ = {isa = PBXBuildFile; fileRef = 8D8349D52A99AF7000477D3F /* 门前大桥下.mp4 */; };
		8D8349DA2A99DDF100477D3F /* DrawingFunctionBar.swift in Sources */ = {isa = PBXBuildFile; fileRef = 8D8349D92A99DDF100477D3F /* DrawingFunctionBar.swift */; };
		8D8349E02A9A332100477D3F /* ComicCell.swift in Sources */ = {isa = PBXBuildFile; fileRef = 8D8349DF2A9A332100477D3F /* ComicCell.swift */; };
		8D8349E22A9A339200477D3F /* SpeakingShowcaseView.swift in Sources */ = {isa = PBXBuildFile; fileRef = 8D8349E12A9A339200477D3F /* SpeakingShowcaseView.swift */; };
		8D8349E62A9A345200477D3F /* LanguageTrainingBaseView.swift in Sources */ = {isa = PBXBuildFile; fileRef = 8D8349E52A9A345200477D3F /* LanguageTrainingBaseView.swift */; };
		8D8349EA2A9A42F700477D3F /* 小燕子.mp4 in Resources */ = {isa = PBXBuildFile; fileRef = 8D8349E92A9A42F700477D3F /* 小燕子.mp4 */; };
		8D8349EC2A9A430200477D3F /* 西游记.mp4 in Resources */ = {isa = PBXBuildFile; fileRef = 8D8349EB2A9A430200477D3F /* 西游记.mp4 */; };
		8D8349EF2A9A6CD000477D3F /* A-小燕子.mp3 in Resources */ = {isa = PBXBuildFile; fileRef = 8D8349ED2A9A6CD000477D3F /* A-小燕子.mp3 */; };
		8D8349F02A9A6CD000477D3F /* A-天上飞过什么.mp3 in Resources */ = {isa = PBXBuildFile; fileRef = 8D8349EE2A9A6CD000477D3F /* A-天上飞过什么.mp3 */; };
		8D8349F42A9A6CED00477D3F /* A-石猴出世.mp3 in Resources */ = {isa = PBXBuildFile; fileRef = 8D8349F12A9A6CED00477D3F /* A-石猴出世.mp3 */; };
		8D8349F52A9A6CED00477D3F /* A-蹦出什么.mp3 in Resources */ = {isa = PBXBuildFile; fileRef = 8D8349F22A9A6CED00477D3F /* A-蹦出什么.mp3 */; };
		8D8349F62A9A6CED00477D3F /* A-仙石发生了什么.mp3 in Resources */ = {isa = PBXBuildFile; fileRef = 8D8349F32A9A6CED00477D3F /* A-仙石发生了什么.mp3 */; };
		8D8349F82A9A71F000477D3F /* A-错误提醒.mp3 in Resources */ = {isa = PBXBuildFile; fileRef = 8D8349F72A9A71F000477D3F /* A-错误提醒.mp3 */; };
		8D8349FA2A9BB61B00477D3F /* SpeakingGameModel.swift in Sources */ = {isa = PBXBuildFile; fileRef = 8D8349F92A9BB61B00477D3F /* SpeakingGameModel.swift */; };
		8D8349FC2A9BB63B00477D3F /* SpeakingGameVM.swift in Sources */ = {isa = PBXBuildFile; fileRef = 8D8349FB2A9BB63B00477D3F /* SpeakingGameVM.swift */; };
		8D8349FE2A9BC1A400477D3F /* 故事闯关式涂鸦.mp3 in Resources */ = {isa = PBXBuildFile; fileRef = 8D8349FD2A9BC1A400477D3F /* 故事闯关式涂鸦.mp3 */; };
		8D834A012A9C561B00477D3F /* 语音日记式涂鸦.mp3 in Resources */ = {isa = PBXBuildFile; fileRef = 8D834A002A9C561A00477D3F /* 语音日记式涂鸦.mp3 */; };
		8D834A032A9C562600477D3F /* 故事真不错.mp3 in Resources */ = {isa = PBXBuildFile; fileRef = 8D834A022A9C562600477D3F /* 故事真不错.mp3 */; };
		8D834A052A9C562B00477D3F /* B-完成.mp3 in Resources */ = {isa = PBXBuildFile; fileRef = 8D834A042A9C562B00477D3F /* B-完成.mp3 */; };
		8D834A082A9C77BF00477D3F /* 我是故事演说家.mp3 in Resources */ = {isa = PBXBuildFile; fileRef = 8D834A072A9C77BF00477D3F /* 我是故事演说家.mp3 */; };
		8D834A0A2A9D759100477D3F /* InfoSheet.swift in Sources */ = {isa = PBXBuildFile; fileRef = 8D834A092A9D759100477D3F /* InfoSheet.swift */; };
		8D834A0D2A9F80B900477D3F /* ScoreBoard.swift in Sources */ = {isa = PBXBuildFile; fileRef = 8D834A0C2A9F80B900477D3F /* ScoreBoard.swift */; };
		8D834A0F2A9F86AD00477D3F /* DrawingBookCell.swift in Sources */ = {isa = PBXBuildFile; fileRef = 8D834A0E2A9F86AD00477D3F /* DrawingBookCell.swift */; };
		8D834A112A9F91E000477D3F /* AppDelegate.swift in Sources */ = {isa = PBXBuildFile; fileRef = 8D834A102A9F91E000477D3F /* AppDelegate.swift */; };
		8D9296342A70DD7C00822EC7 /* AppEntry.swift in Sources */ = {isa = PBXBuildFile; fileRef = 8D9296332A70DD7C00822EC7 /* AppEntry.swift */; };
		8D9296382A70DD7D00822EC7 /* Assets.xcassets in Resources */ = {isa = PBXBuildFile; fileRef = 8D9296372A70DD7D00822EC7 /* Assets.xcassets */; };
		8D92963B2A70DD7D00822EC7 /* Preview Assets.xcassets in Resources */ = {isa = PBXBuildFile; fileRef = 8D92963A2A70DD7D00822EC7 /* Preview Assets.xcassets */; };
		8D9296452A712A2E00822EC7 /* K.swift in Sources */ = {isa = PBXBuildFile; fileRef = 8D9296442A712A2E00822EC7 /* K.swift */; };
		8D9296472A713BB600822EC7 /* ContentView.swift in Sources */ = {isa = PBXBuildFile; fileRef = 8D9296462A713BB600822EC7 /* ContentView.swift */; };
		8D9296492A713BC500822EC7 /* AppRouter.swift in Sources */ = {isa = PBXBuildFile; fileRef = 8D9296482A713BC500822EC7 /* AppRouter.swift */; };
		8D92964F2A713D3900822EC7 /* StoryChallengeView.swift in Sources */ = {isa = PBXBuildFile; fileRef = 8D92964E2A713D3900822EC7 /* StoryChallengeView.swift */; };
		8D9296582A7150E300822EC7 /* HomeView.swift in Sources */ = {isa = PBXBuildFile; fileRef = 8D9296572A7150E300822EC7 /* HomeView.swift */; };
		8D9296612A71779D00822EC7 /* UIView+.swift in Sources */ = {isa = PBXBuildFile; fileRef = 8D9296602A71779D00822EC7 /* UIView+.swift */; };
		8D9296962A74B93F00822EC7 /* StoryGameModel.swift in Sources */ = {isa = PBXBuildFile; fileRef = 8D9296952A74B93F00822EC7 /* StoryGameModel.swift */; };
		8D9296A32A7504C900822EC7 /* ChallengeCell.swift in Sources */ = {isa = PBXBuildFile; fileRef = 8D9296A22A7504C900822EC7 /* ChallengeCell.swift */; };
		8D9296A82A824B5600822EC7 /* StoriesListView.swift in Sources */ = {isa = PBXBuildFile; fileRef = 8D9296A72A824B5600822EC7 /* StoriesListView.swift */; };
		8D9296AA2A824F5A00822EC7 /* StoryCell.swift in Sources */ = {isa = PBXBuildFile; fileRef = 8D9296A92A824F5A00822EC7 /* StoryCell.swift */; };
		8D9296AD2A82552F00822EC7 /* StoryView.swift in Sources */ = {isa = PBXBuildFile; fileRef = 8D9296AC2A82552F00822EC7 /* StoryView.swift */; };
		8D9296CE2A84DE0300822EC7 /* Structs.swift in Sources */ = {isa = PBXBuildFile; fileRef = 8D9296CD2A84DE0300822EC7 /* Structs.swift */; };
		8D9296D02A84DFCD00822EC7 /* FiguresCell.swift in Sources */ = {isa = PBXBuildFile; fileRef = 8D9296CF2A84DFCD00822EC7 /* FiguresCell.swift */; };
		8D9296D72A8613AE00822EC7 /* StoryGameVM.swift in Sources */ = {isa = PBXBuildFile; fileRef = 8D9296D62A8613AE00822EC7 /* StoryGameVM.swift */; };
		8D9296DA2A8632D300822EC7 /* Realm in Frameworks */ = {isa = PBXBuildFile; productRef = 8D9296D92A8632D300822EC7 /* Realm */; };
		8D9296DC2A8632D300822EC7 /* RealmSwift in Frameworks */ = {isa = PBXBuildFile; productRef = 8D9296DB2A8632D300822EC7 /* RealmSwift */; };
		8D9296E22A89FF9700822EC7 /* SwiftSpeech in Frameworks */ = {isa = PBXBuildFile; productRef = 8D9296E12A89FF9700822EC7 /* SwiftSpeech */; };
		8D9296EB2A8A470200822EC7 /* VictoryView.swift in Sources */ = {isa = PBXBuildFile; fileRef = 8D9296EA2A8A470200822EC7 /* VictoryView.swift */; };
		8DEB16D82A8DADA400A4DF1C /* A-数鸭子.mp3 in Resources */ = {isa = PBXBuildFile; fileRef = 8DEB16D72A8DADA400A4DF1C /* A-数鸭子.mp3 */; };
		8DEB16DA2A8E19B200A4DF1C /* DialogDrawingView.swift in Sources */ = {isa = PBXBuildFile; fileRef = 8DEB16D92A8E19B200A4DF1C /* DialogDrawingView.swift */; };
		8DEB171A2A8E581700A4DF1C /* DrawingBoard.swift in Sources */ = {isa = PBXBuildFile; fileRef = 8DEB17192A8E581700A4DF1C /* DrawingBoard.swift */; };
		8DF83EC72A94B6B00044CE0D /* ColorValueSlider.swift in Sources */ = {isa = PBXBuildFile; fileRef = 8DF83EC62A94B6B00044CE0D /* ColorValueSlider.swift */; };
		8DF83EC92A94BC7B0044CE0D /* DrawingGameVM.swift in Sources */ = {isa = PBXBuildFile; fileRef = 8DF83EC82A94BC7B0044CE0D /* DrawingGameVM.swift */; };
		8DF83ECB2A94BC8D0044CE0D /* DrawingGameModel.swift in Sources */ = {isa = PBXBuildFile; fileRef = 8DF83ECA2A94BC8D0044CE0D /* DrawingGameModel.swift */; };
		8DF83ECD2A94EA150044CE0D /* draft.swift in Sources */ = {isa = PBXBuildFile; fileRef = 8DF83ECC2A94EA150044CE0D /* draft.swift */; };
/* End PBXBuildFile section */

/* Begin PBXFileReference section */
		8D372D492A97348D006BEC70 /* View+.swift */ = {isa = PBXFileReference; lastKnownFileType = sourcecode.swift; path = "View+.swift"; sourceTree = "<group>"; };
		8D372D4C2A973BF5006BEC70 /* 何地.mp3 */ = {isa = PBXFileReference; lastKnownFileType = audio.mp3; path = "何地.mp3"; sourceTree = "<group>"; };
		8D372D4D2A973BF5006BEC70 /* 何时.mp3 */ = {isa = PBXFileReference; lastKnownFileType = audio.mp3; path = "何时.mp3"; sourceTree = "<group>"; };
		8D372D4E2A973BF5006BEC70 /* 何人.mp3 */ = {isa = PBXFileReference; lastKnownFileType = audio.mp3; path = "何人.mp3"; sourceTree = "<group>"; };
		8D372D4F2A973BF5006BEC70 /* 何事.mp3 */ = {isa = PBXFileReference; lastKnownFileType = audio.mp3; path = "何事.mp3"; sourceTree = "<group>"; };
		8D372D542A977ECB006BEC70 /* DrawingTools.swift */ = {isa = PBXFileReference; lastKnownFileType = sourcecode.swift; path = DrawingTools.swift; sourceTree = "<group>"; };
		8D372D562A978370006BEC70 /* StoryOratorView.swift */ = {isa = PBXFileReference; lastKnownFileType = sourcecode.swift; path = StoryOratorView.swift; sourceTree = "<group>"; };
		8D6A0AE22A8A57DC007554E4 /* A-河流上有什么.mp3 */ = {isa = PBXFileReference; lastKnownFileType = audio.mp3; path = "A-河流上有什么.mp3"; sourceTree = "<group>"; };
		8D6A0AE42A8A5827007554E4 /* A-拖拽.mp3 */ = {isa = PBXFileReference; lastKnownFileType = audio.mp3; path = "A-拖拽.mp3"; sourceTree = "<group>"; };
		8D6A0AE62A8A582B007554E4 /* A-完成.mp3 */ = {isa = PBXFileReference; lastKnownFileType = audio.mp3; path = "A-完成.mp3"; sourceTree = "<group>"; };
		8D8349D52A99AF7000477D3F /* 门前大桥下.mp4 */ = {isa = PBXFileReference; lastKnownFileType = file; path = "门前大桥下.mp4"; sourceTree = "<group>"; };
		8D8349D92A99DDF100477D3F /* DrawingFunctionBar.swift */ = {isa = PBXFileReference; lastKnownFileType = sourcecode.swift; path = DrawingFunctionBar.swift; sourceTree = "<group>"; };
		8D8349DF2A9A332100477D3F /* ComicCell.swift */ = {isa = PBXFileReference; lastKnownFileType = sourcecode.swift; path = ComicCell.swift; sourceTree = "<group>"; };
		8D8349E12A9A339200477D3F /* SpeakingShowcaseView.swift */ = {isa = PBXFileReference; lastKnownFileType = sourcecode.swift; path = SpeakingShowcaseView.swift; sourceTree = "<group>"; };
		8D8349E52A9A345200477D3F /* LanguageTrainingBaseView.swift */ = {isa = PBXFileReference; lastKnownFileType = sourcecode.swift; path = LanguageTrainingBaseView.swift; sourceTree = "<group>"; };
		8D8349E92A9A42F700477D3F /* 小燕子.mp4 */ = {isa = PBXFileReference; lastKnownFileType = file; path = "小燕子.mp4"; sourceTree = "<group>"; };
		8D8349EB2A9A430200477D3F /* 西游记.mp4 */ = {isa = PBXFileReference; lastKnownFileType = file; path = "西游记.mp4"; sourceTree = "<group>"; };
		8D8349ED2A9A6CD000477D3F /* A-小燕子.mp3 */ = {isa = PBXFileReference; lastKnownFileType = audio.mp3; path = "A-小燕子.mp3"; sourceTree = "<group>"; };
		8D8349EE2A9A6CD000477D3F /* A-天上飞过什么.mp3 */ = {isa = PBXFileReference; lastKnownFileType = audio.mp3; path = "A-天上飞过什么.mp3"; sourceTree = "<group>"; };
		8D8349F12A9A6CED00477D3F /* A-石猴出世.mp3 */ = {isa = PBXFileReference; lastKnownFileType = audio.mp3; path = "A-石猴出世.mp3"; sourceTree = "<group>"; };
		8D8349F22A9A6CED00477D3F /* A-蹦出什么.mp3 */ = {isa = PBXFileReference; lastKnownFileType = audio.mp3; path = "A-蹦出什么.mp3"; sourceTree = "<group>"; };
		8D8349F32A9A6CED00477D3F /* A-仙石发生了什么.mp3 */ = {isa = PBXFileReference; lastKnownFileType = audio.mp3; path = "A-仙石发生了什么.mp3"; sourceTree = "<group>"; };
		8D8349F72A9A71F000477D3F /* A-错误提醒.mp3 */ = {isa = PBXFileReference; lastKnownFileType = audio.mp3; path = "A-错误提醒.mp3"; sourceTree = "<group>"; };
		8D8349F92A9BB61B00477D3F /* SpeakingGameModel.swift */ = {isa = PBXFileReference; lastKnownFileType = sourcecode.swift; path = SpeakingGameModel.swift; sourceTree = "<group>"; };
		8D8349FB2A9BB63B00477D3F /* SpeakingGameVM.swift */ = {isa = PBXFileReference; lastKnownFileType = sourcecode.swift; path = SpeakingGameVM.swift; sourceTree = "<group>"; };
		8D8349FD2A9BC1A400477D3F /* 故事闯关式涂鸦.mp3 */ = {isa = PBXFileReference; lastKnownFileType = audio.mp3; path = "故事闯关式涂鸦.mp3"; sourceTree = "<group>"; };
		8D834A002A9C561A00477D3F /* 语音日记式涂鸦.mp3 */ = {isa = PBXFileReference; lastKnownFileType = audio.mp3; path = "语音日记式涂鸦.mp3"; sourceTree = "<group>"; };
		8D834A022A9C562600477D3F /* 故事真不错.mp3 */ = {isa = PBXFileReference; lastKnownFileType = audio.mp3; path = "故事真不错.mp3"; sourceTree = "<group>"; };
		8D834A042A9C562B00477D3F /* B-完成.mp3 */ = {isa = PBXFileReference; lastKnownFileType = audio.mp3; path = "B-完成.mp3"; sourceTree = "<group>"; };
		8D834A072A9C77BF00477D3F /* 我是故事演说家.mp3 */ = {isa = PBXFileReference; lastKnownFileType = audio.mp3; path = "我是故事演说家.mp3"; sourceTree = "<group>"; };
		8D834A092A9D759100477D3F /* InfoSheet.swift */ = {isa = PBXFileReference; lastKnownFileType = sourcecode.swift; path = InfoSheet.swift; sourceTree = "<group>"; };
		8D834A0C2A9F80B900477D3F /* ScoreBoard.swift */ = {isa = PBXFileReference; lastKnownFileType = sourcecode.swift; path = ScoreBoard.swift; sourceTree = "<group>"; };
		8D834A0E2A9F86AD00477D3F /* DrawingBookCell.swift */ = {isa = PBXFileReference; lastKnownFileType = sourcecode.swift; path = DrawingBookCell.swift; sourceTree = "<group>"; };
		8D834A102A9F91E000477D3F /* AppDelegate.swift */ = {isa = PBXFileReference; lastKnownFileType = sourcecode.swift; path = AppDelegate.swift; sourceTree = "<group>"; };
		8D9296302A70DD7C00822EC7 /* TalkDrawing.app */ = {isa = PBXFileReference; explicitFileType = wrapper.application; includeInIndex = 0; path = TalkDrawing.app; sourceTree = BUILT_PRODUCTS_DIR; };
		8D9296332A70DD7C00822EC7 /* AppEntry.swift */ = {isa = PBXFileReference; lastKnownFileType = sourcecode.swift; path = AppEntry.swift; sourceTree = "<group>"; };
		8D9296372A70DD7D00822EC7 /* Assets.xcassets */ = {isa = PBXFileReference; lastKnownFileType = folder.assetcatalog; path = Assets.xcassets; sourceTree = "<group>"; };
		8D92963A2A70DD7D00822EC7 /* Preview Assets.xcassets */ = {isa = PBXFileReference; lastKnownFileType = folder.assetcatalog; path = "Preview Assets.xcassets"; sourceTree = "<group>"; };
		8D9296442A712A2E00822EC7 /* K.swift */ = {isa = PBXFileReference; lastKnownFileType = sourcecode.swift; path = K.swift; sourceTree = "<group>"; };
		8D9296462A713BB600822EC7 /* ContentView.swift */ = {isa = PBXFileReference; lastKnownFileType = sourcecode.swift; path = ContentView.swift; sourceTree = "<group>"; };
		8D9296482A713BC500822EC7 /* AppRouter.swift */ = {isa = PBXFileReference; lastKnownFileType = sourcecode.swift; path = AppRouter.swift; sourceTree = "<group>"; };
		8D92964E2A713D3900822EC7 /* StoryChallengeView.swift */ = {isa = PBXFileReference; lastKnownFileType = sourcecode.swift; path = StoryChallengeView.swift; sourceTree = "<group>"; };
		8D9296572A7150E300822EC7 /* HomeView.swift */ = {isa = PBXFileReference; lastKnownFileType = sourcecode.swift; path = HomeView.swift; sourceTree = "<group>"; };
		8D9296602A71779D00822EC7 /* UIView+.swift */ = {isa = PBXFileReference; lastKnownFileType = sourcecode.swift; path = "UIView+.swift"; sourceTree = "<group>"; };
		8D9296952A74B93F00822EC7 /* StoryGameModel.swift */ = {isa = PBXFileReference; lastKnownFileType = sourcecode.swift; path = StoryGameModel.swift; sourceTree = "<group>"; };
		8D9296A22A7504C900822EC7 /* ChallengeCell.swift */ = {isa = PBXFileReference; lastKnownFileType = sourcecode.swift; path = ChallengeCell.swift; sourceTree = "<group>"; };
		8D9296A72A824B5600822EC7 /* StoriesListView.swift */ = {isa = PBXFileReference; lastKnownFileType = sourcecode.swift; path = StoriesListView.swift; sourceTree = "<group>"; };
		8D9296A92A824F5A00822EC7 /* StoryCell.swift */ = {isa = PBXFileReference; lastKnownFileType = sourcecode.swift; path = StoryCell.swift; sourceTree = "<group>"; };
		8D9296AC2A82552F00822EC7 /* StoryView.swift */ = {isa = PBXFileReference; lastKnownFileType = sourcecode.swift; path = StoryView.swift; sourceTree = "<group>"; };
		8D9296CD2A84DE0300822EC7 /* Structs.swift */ = {isa = PBXFileReference; lastKnownFileType = sourcecode.swift; path = Structs.swift; sourceTree = "<group>"; };
		8D9296CF2A84DFCD00822EC7 /* FiguresCell.swift */ = {isa = PBXFileReference; lastKnownFileType = sourcecode.swift; path = FiguresCell.swift; sourceTree = "<group>"; };
		8D9296D62A8613AE00822EC7 /* StoryGameVM.swift */ = {isa = PBXFileReference; lastKnownFileType = sourcecode.swift; path = StoryGameVM.swift; sourceTree = "<group>"; };
		8D9296E32A8A042300822EC7 /* Info.plist */ = {isa = PBXFileReference; lastKnownFileType = text.plist; path = Info.plist; sourceTree = "<group>"; };
		8D9296EA2A8A470200822EC7 /* VictoryView.swift */ = {isa = PBXFileReference; lastKnownFileType = sourcecode.swift; path = VictoryView.swift; sourceTree = "<group>"; };
		8DEB16D72A8DADA400A4DF1C /* A-数鸭子.mp3 */ = {isa = PBXFileReference; lastKnownFileType = audio.mp3; path = "A-数鸭子.mp3"; sourceTree = "<group>"; };
		8DEB16D92A8E19B200A4DF1C /* DialogDrawingView.swift */ = {isa = PBXFileReference; lastKnownFileType = sourcecode.swift; path = DialogDrawingView.swift; sourceTree = "<group>"; };
		8DEB17192A8E581700A4DF1C /* DrawingBoard.swift */ = {isa = PBXFileReference; lastKnownFileType = sourcecode.swift; path = DrawingBoard.swift; sourceTree = "<group>"; };
		8DF83EC62A94B6B00044CE0D /* ColorValueSlider.swift */ = {isa = PBXFileReference; lastKnownFileType = sourcecode.swift; path = ColorValueSlider.swift; sourceTree = "<group>"; };
		8DF83EC82A94BC7B0044CE0D /* DrawingGameVM.swift */ = {isa = PBXFileReference; lastKnownFileType = sourcecode.swift; path = DrawingGameVM.swift; sourceTree = "<group>"; };
		8DF83ECA2A94BC8D0044CE0D /* DrawingGameModel.swift */ = {isa = PBXFileReference; lastKnownFileType = sourcecode.swift; path = DrawingGameModel.swift; sourceTree = "<group>"; };
		8DF83ECC2A94EA150044CE0D /* draft.swift */ = {isa = PBXFileReference; lastKnownFileType = sourcecode.swift; path = draft.swift; sourceTree = "<group>"; };
/* End PBXFileReference section */

/* Begin PBXFrameworksBuildPhase section */
		8D92962D2A70DD7C00822EC7 /* Frameworks */ = {
			isa = PBXFrameworksBuildPhase;
			buildActionMask = 2147483647;
			files = (
				8D9296DC2A8632D300822EC7 /* RealmSwift in Frameworks */,
				8D9296E22A89FF9700822EC7 /* SwiftSpeech in Frameworks */,
				8D9296DA2A8632D300822EC7 /* Realm in Frameworks */,
			);
			runOnlyForDeploymentPostprocessing = 0;
		};
/* End PBXFrameworksBuildPhase section */

/* Begin PBXGroup section */
		8D372D4B2A973BD6006BEC70 /* DrawingGame */ = {
			isa = PBXGroup;
			children = (
				8D834A002A9C561A00477D3F /* 语音日记式涂鸦.mp3 */,
				8D834A022A9C562600477D3F /* 故事真不错.mp3 */,
				8D834A042A9C562B00477D3F /* B-完成.mp3 */,
				8D372D4F2A973BF5006BEC70 /* 何事.mp3 */,
				8D372D4E2A973BF5006BEC70 /* 何人.mp3 */,
				8D372D4C2A973BF5006BEC70 /* 何地.mp3 */,
				8D372D4D2A973BF5006BEC70 /* 何时.mp3 */,
			);
			path = DrawingGame;
			sourceTree = "<group>";
		};
		8D6A0AE02A8A57BD007554E4 /* StoryGame */ = {
			isa = PBXGroup;
			children = (
				8D8349FD2A9BC1A400477D3F /* 故事闯关式涂鸦.mp3 */,
				8D8349F72A9A71F000477D3F /* A-错误提醒.mp3 */,
				8D6A0AE62A8A582B007554E4 /* A-完成.mp3 */,
				8D8349E82A9A42EC00477D3F /* 西游记 */,
				8D8349E72A9A42E100477D3F /* 小燕子 */,
				8D6A0AE12A8A57CA007554E4 /* 门前大桥下 */,
			);
			path = StoryGame;
			sourceTree = "<group>";
		};
		8D6A0AE12A8A57CA007554E4 /* 门前大桥下 */ = {
			isa = PBXGroup;
			children = (
				8DEB16D72A8DADA400A4DF1C /* A-数鸭子.mp3 */,
				8D6A0AE42A8A5827007554E4 /* A-拖拽.mp3 */,
				8D6A0AE22A8A57DC007554E4 /* A-河流上有什么.mp3 */,
				8D8349D52A99AF7000477D3F /* 门前大桥下.mp4 */,
			);
			path = "门前大桥下";
			sourceTree = "<group>";
		};
		8D8349E32A9A339A00477D3F /* SpeakingShowcaseView */ = {
			isa = PBXGroup;
			children = (
				8D8349E12A9A339200477D3F /* SpeakingShowcaseView.swift */,
				8D834A092A9D759100477D3F /* InfoSheet.swift */,
				8D834A0B2A9F809900477D3F /* LanguageTrainingBaseView */,
			);
			path = SpeakingShowcaseView;
			sourceTree = "<group>";
		};
		8D8349E72A9A42E100477D3F /* 小燕子 */ = {
			isa = PBXGroup;
			children = (
				8D8349E92A9A42F700477D3F /* 小燕子.mp4 */,
				8D8349EE2A9A6CD000477D3F /* A-天上飞过什么.mp3 */,
				8D8349ED2A9A6CD000477D3F /* A-小燕子.mp3 */,
			);
			path = "小燕子";
			sourceTree = "<group>";
		};
		8D8349E82A9A42EC00477D3F /* 西游记 */ = {
			isa = PBXGroup;
			children = (
				8D8349F32A9A6CED00477D3F /* A-仙石发生了什么.mp3 */,
				8D8349F12A9A6CED00477D3F /* A-石猴出世.mp3 */,
				8D8349F22A9A6CED00477D3F /* A-蹦出什么.mp3 */,
				8D8349EB2A9A430200477D3F /* 西游记.mp4 */,
			);
			path = "西游记";
			sourceTree = "<group>";
		};
		8D834A062A9C77AE00477D3F /* SpeakingGame */ = {
			isa = PBXGroup;
			children = (
				8D834A072A9C77BF00477D3F /* 我是故事演说家.mp3 */,
			);
			path = SpeakingGame;
			sourceTree = "<group>";
		};
		8D834A0B2A9F809900477D3F /* LanguageTrainingBaseView */ = {
			isa = PBXGroup;
			children = (
				8D8349E52A9A345200477D3F /* LanguageTrainingBaseView.swift */,
				8D834A0C2A9F80B900477D3F /* ScoreBoard.swift */,
			);
			path = LanguageTrainingBaseView;
			sourceTree = "<group>";
		};
		8D9296272A70DD7C00822EC7 = {
			isa = PBXGroup;
			children = (
				8D9296322A70DD7C00822EC7 /* TalkDrawing */,
				8D9296312A70DD7C00822EC7 /* Products */,
			);
			sourceTree = "<group>";
		};
		8D9296312A70DD7C00822EC7 /* Products */ = {
			isa = PBXGroup;
			children = (
				8D9296302A70DD7C00822EC7 /* TalkDrawing.app */,
			);
			name = Products;
			sourceTree = "<group>";
		};
		8D9296322A70DD7C00822EC7 /* TalkDrawing */ = {
			isa = PBXGroup;
			children = (
				8D9296E32A8A042300822EC7 /* Info.plist */,
				8D9296332A70DD7C00822EC7 /* AppEntry.swift */,
				8D834A102A9F91E000477D3F /* AppDelegate.swift */,
				8D9296942A74B92600822EC7 /* Model */,
				8D9296D32A84F49500822EC7 /* ViewModel */,
				8D9296592A71764500822EC7 /* Extensions */,
				8D9296432A712A1B00822EC7 /* Constents */,
				8D9296412A71257C00822EC7 /* Views */,
				8D9296372A70DD7D00822EC7 /* Assets.xcassets */,
				8D9296992A74BAA700822EC7 /* Resources */,
				8DF83ECC2A94EA150044CE0D /* draft.swift */,
			);
			path = TalkDrawing;
			sourceTree = "<group>";
		};
		8D9296392A70DD7D00822EC7 /* Preview Content */ = {
			isa = PBXGroup;
			children = (
				8D92963A2A70DD7D00822EC7 /* Preview Assets.xcassets */,
			);
			path = "Preview Content";
			sourceTree = "<group>";
		};
		8D9296412A71257C00822EC7 /* Views */ = {
			isa = PBXGroup;
			children = (
				8D9296462A713BB600822EC7 /* ContentView.swift */,
				8D9296572A7150E300822EC7 /* HomeView.swift */,
				8D9296662A72340500822EC7 /* StoryChallengeView */,
				8D9296672A72343E00822EC7 /* DialogDrawingView */,
				8D9296682A72346D00822EC7 /* StoryOratorView */,
			);
			path = Views;
			sourceTree = "<group>";
		};
		8D9296432A712A1B00822EC7 /* Constents */ = {
			isa = PBXGroup;
			children = (
				8D9296442A712A2E00822EC7 /* K.swift */,
				8D9296482A713BC500822EC7 /* AppRouter.swift */,
				8D9296CD2A84DE0300822EC7 /* Structs.swift */,
			);
			path = Constents;
			sourceTree = "<group>";
			wrapsLines = 1;
		};
		8D9296592A71764500822EC7 /* Extensions */ = {
			isa = PBXGroup;
			children = (
				8D9296602A71779D00822EC7 /* UIView+.swift */,
				8D372D492A97348D006BEC70 /* View+.swift */,
			);
			path = Extensions;
			sourceTree = "<group>";
		};
		8D9296662A72340500822EC7 /* StoryChallengeView */ = {
			isa = PBXGroup;
			children = (
				8D9296A62A824B4000822EC7 /* StoriesListView */,
				8D92964E2A713D3900822EC7 /* StoryChallengeView.swift */,
				8D9296A22A7504C900822EC7 /* ChallengeCell.swift */,
			);
			path = StoryChallengeView;
			sourceTree = "<group>";
		};
		8D9296672A72343E00822EC7 /* DialogDrawingView */ = {
			isa = PBXGroup;
			children = (
				8DEB16D92A8E19B200A4DF1C /* DialogDrawingView.swift */,
				8D8349D92A99DDF100477D3F /* DrawingFunctionBar.swift */,
				8DEB17192A8E581700A4DF1C /* DrawingBoard.swift */,
				8DF83EC62A94B6B00044CE0D /* ColorValueSlider.swift */,
				8D372D542A977ECB006BEC70 /* DrawingTools.swift */,
			);
			path = DialogDrawingView;
			sourceTree = "<group>";
		};
		8D9296682A72346D00822EC7 /* StoryOratorView */ = {
			isa = PBXGroup;
			children = (
				8D372D562A978370006BEC70 /* StoryOratorView.swift */,
				8D834A0E2A9F86AD00477D3F /* DrawingBookCell.swift */,
				8D8349DF2A9A332100477D3F /* ComicCell.swift */,
				8D8349E32A9A339A00477D3F /* SpeakingShowcaseView */,
			);
			path = StoryOratorView;
			sourceTree = "<group>";
		};
		8D9296942A74B92600822EC7 /* Model */ = {
			isa = PBXGroup;
			children = (
				8D9296952A74B93F00822EC7 /* StoryGameModel.swift */,
				8DF83ECA2A94BC8D0044CE0D /* DrawingGameModel.swift */,
				8D8349F92A9BB61B00477D3F /* SpeakingGameModel.swift */,
			);
			path = Model;
			sourceTree = "<group>";
		};
		8D9296992A74BAA700822EC7 /* Resources */ = {
			isa = PBXGroup;
			children = (
				8D834A062A9C77AE00477D3F /* SpeakingGame */,
				8D372D4B2A973BD6006BEC70 /* DrawingGame */,
				8D9296392A70DD7D00822EC7 /* Preview Content */,
				8D6A0AE02A8A57BD007554E4 /* StoryGame */,
			);
			path = Resources;
			sourceTree = "<group>";
		};
		8D9296A62A824B4000822EC7 /* StoriesListView */ = {
			isa = PBXGroup;
			children = (
				8D9296A72A824B5600822EC7 /* StoriesListView.swift */,
				8D9296A92A824F5A00822EC7 /* StoryCell.swift */,
				8D9296AB2A82551900822EC7 /* StoryView */,
			);
			path = StoriesListView;
			sourceTree = "<group>";
		};
		8D9296AB2A82551900822EC7 /* StoryView */ = {
			isa = PBXGroup;
			children = (
				8D9296AC2A82552F00822EC7 /* StoryView.swift */,
				8D9296CF2A84DFCD00822EC7 /* FiguresCell.swift */,
				8D9296EA2A8A470200822EC7 /* VictoryView.swift */,
			);
			path = StoryView;
			sourceTree = "<group>";
		};
		8D9296D32A84F49500822EC7 /* ViewModel */ = {
			isa = PBXGroup;
			children = (
				8D9296D62A8613AE00822EC7 /* StoryGameVM.swift */,
				8DF83EC82A94BC7B0044CE0D /* DrawingGameVM.swift */,
				8D8349FB2A9BB63B00477D3F /* SpeakingGameVM.swift */,
			);
			path = ViewModel;
			sourceTree = "<group>";
		};
/* End PBXGroup section */

/* Begin PBXNativeTarget section */
		8D92962F2A70DD7C00822EC7 /* TalkDrawing */ = {
			isa = PBXNativeTarget;
			buildConfigurationList = 8D92963E2A70DD7D00822EC7 /* Build configuration list for PBXNativeTarget "TalkDrawing" */;
			buildPhases = (
				8D92962C2A70DD7C00822EC7 /* Sources */,
				8D92962D2A70DD7C00822EC7 /* Frameworks */,
				8D92962E2A70DD7C00822EC7 /* Resources */,
			);
			buildRules = (
			);
			dependencies = (
			);
			name = TalkDrawing;
			packageProductDependencies = (
				8D9296D92A8632D300822EC7 /* Realm */,
				8D9296DB2A8632D300822EC7 /* RealmSwift */,
				8D9296E12A89FF9700822EC7 /* SwiftSpeech */,
			);
			productName = TalkDrawing;
			productReference = 8D9296302A70DD7C00822EC7 /* TalkDrawing.app */;
			productType = "com.apple.product-type.application";
		};
/* End PBXNativeTarget section */

/* Begin PBXProject section */
		8D9296282A70DD7C00822EC7 /* Project object */ = {
			isa = PBXProject;
			attributes = {
				BuildIndependentTargetsInParallel = 1;
				LastSwiftUpdateCheck = 1430;
				LastUpgradeCheck = 1430;
				TargetAttributes = {
					8D92962F2A70DD7C00822EC7 = {
						CreatedOnToolsVersion = 14.3.1;
					};
				};
			};
			buildConfigurationList = 8D92962B2A70DD7C00822EC7 /* Build configuration list for PBXProject "TalkDrawing" */;
			compatibilityVersion = "Xcode 14.0";
			developmentRegion = en;
			hasScannedForEncodings = 0;
			knownRegions = (
				en,
				Base,
			);
			mainGroup = 8D9296272A70DD7C00822EC7;
			packageReferences = (
				8D9296D82A8632D300822EC7 /* XCRemoteSwiftPackageReference "realm-swift" */,
				8D9296E02A89FF9700822EC7 /* XCRemoteSwiftPackageReference "SwiftSpeech" */,
			);
			productRefGroup = 8D9296312A70DD7C00822EC7 /* Products */;
			projectDirPath = "";
			projectRoot = "";
			targets = (
				8D92962F2A70DD7C00822EC7 /* TalkDrawing */,
			);
		};
/* End PBXProject section */

/* Begin PBXResourcesBuildPhase section */
		8D92962E2A70DD7C00822EC7 /* Resources */ = {
			isa = PBXResourcesBuildPhase;
			buildActionMask = 2147483647;
			files = (
				8DEB16D82A8DADA400A4DF1C /* A-数鸭子.mp3 in Resources */,
				8D834A052A9C562B00477D3F /* B-完成.mp3 in Resources */,
				8D372D502A973BF5006BEC70 /* 何地.mp3 in Resources */,
				8D6A0AE52A8A5827007554E4 /* A-拖拽.mp3 in Resources */,
				8D8349F62A9A6CED00477D3F /* A-仙石发生了什么.mp3 in Resources */,
				8D834A032A9C562600477D3F /* 故事真不错.mp3 in Resources */,
				8D8349EC2A9A430200477D3F /* 西游记.mp4 in Resources */,
				8D8349F42A9A6CED00477D3F /* A-石猴出世.mp3 in Resources */,
				8D372D512A973BF5006BEC70 /* 何时.mp3 in Resources */,
				8D372D522A973BF5006BEC70 /* 何人.mp3 in Resources */,
				8D92963B2A70DD7D00822EC7 /* Preview Assets.xcassets in Resources */,
				8D8349F02A9A6CD000477D3F /* A-天上飞过什么.mp3 in Resources */,
				8D8349EA2A9A42F700477D3F /* 小燕子.mp4 in Resources */,
				8D372D532A973BF5006BEC70 /* 何事.mp3 in Resources */,
				8D834A012A9C561B00477D3F /* 语音日记式涂鸦.mp3 in Resources */,
				8D8349F52A9A6CED00477D3F /* A-蹦出什么.mp3 in Resources */,
				8D9296382A70DD7D00822EC7 /* Assets.xcassets in Resources */,
				8D6A0AE72A8A582B007554E4 /* A-完成.mp3 in Resources */,
				8D8349FE2A9BC1A400477D3F /* 故事闯关式涂鸦.mp3 in Resources */,
				8D8349D62A99AF7000477D3F /* 门前大桥下.mp4 in Resources */,
				8D6A0AE32A8A57DC007554E4 /* A-河流上有什么.mp3 in Resources */,
				8D8349F82A9A71F000477D3F /* A-错误提醒.mp3 in Resources */,
				8D8349EF2A9A6CD000477D3F /* A-小燕子.mp3 in Resources */,
				8D834A082A9C77BF00477D3F /* 我是故事演说家.mp3 in Resources */,
			);
			runOnlyForDeploymentPostprocessing = 0;
		};
/* End PBXResourcesBuildPhase section */

/* Begin PBXSourcesBuildPhase section */
		8D92962C2A70DD7C00822EC7 /* Sources */ = {
			isa = PBXSourcesBuildPhase;
			buildActionMask = 2147483647;
			files = (
				8D92964F2A713D3900822EC7 /* StoryChallengeView.swift in Sources */,
				8D9296AD2A82552F00822EC7 /* StoryView.swift in Sources */,
				8D9296452A712A2E00822EC7 /* K.swift in Sources */,
				8D372D572A978370006BEC70 /* StoryOratorView.swift in Sources */,
				8DF83EC92A94BC7B0044CE0D /* DrawingGameVM.swift in Sources */,
				8D9296D72A8613AE00822EC7 /* StoryGameVM.swift in Sources */,
				8DF83ECB2A94BC8D0044CE0D /* DrawingGameModel.swift in Sources */,
				8D8349DA2A99DDF100477D3F /* DrawingFunctionBar.swift in Sources */,
				8DF83ECD2A94EA150044CE0D /* draft.swift in Sources */,
				8DF83EC72A94B6B00044CE0D /* ColorValueSlider.swift in Sources */,
				8D9296A82A824B5600822EC7 /* StoriesListView.swift in Sources */,
				8D834A0A2A9D759100477D3F /* InfoSheet.swift in Sources */,
				8D834A112A9F91E000477D3F /* AppDelegate.swift in Sources */,
				8D8349E62A9A345200477D3F /* LanguageTrainingBaseView.swift in Sources */,
				8D8349E02A9A332100477D3F /* ComicCell.swift in Sources */,
				8D8349FA2A9BB61B00477D3F /* SpeakingGameModel.swift in Sources */,
				8D9296962A74B93F00822EC7 /* StoryGameModel.swift in Sources */,
				8D9296AA2A824F5A00822EC7 /* StoryCell.swift in Sources */,
				8D834A0F2A9F86AD00477D3F /* DrawingBookCell.swift in Sources */,
				8D9296D02A84DFCD00822EC7 /* FiguresCell.swift in Sources */,
				8D9296472A713BB600822EC7 /* ContentView.swift in Sources */,
				8D9296492A713BC500822EC7 /* AppRouter.swift in Sources */,
				8D372D552A977ECB006BEC70 /* DrawingTools.swift in Sources */,
				8D834A0D2A9F80B900477D3F /* ScoreBoard.swift in Sources */,
				8D9296612A71779D00822EC7 /* UIView+.swift in Sources */,
				8D9296EB2A8A470200822EC7 /* VictoryView.swift in Sources */,
				8D9296582A7150E300822EC7 /* HomeView.swift in Sources */,
				8DEB16DA2A8E19B200A4DF1C /* DialogDrawingView.swift in Sources */,
				8DEB171A2A8E581700A4DF1C /* DrawingBoard.swift in Sources */,
				8D8349E22A9A339200477D3F /* SpeakingShowcaseView.swift in Sources */,
				8D9296CE2A84DE0300822EC7 /* Structs.swift in Sources */,
				8D9296A32A7504C900822EC7 /* ChallengeCell.swift in Sources */,
				8D372D4A2A97348D006BEC70 /* View+.swift in Sources */,
				8D8349FC2A9BB63B00477D3F /* SpeakingGameVM.swift in Sources */,
				8D9296342A70DD7C00822EC7 /* AppEntry.swift in Sources */,
			);
			runOnlyForDeploymentPostprocessing = 0;
		};
/* End PBXSourcesBuildPhase section */

/* Begin XCBuildConfiguration section */
		8D92963C2A70DD7D00822EC7 /* Debug */ = {
			isa = XCBuildConfiguration;
			buildSettings = {
				ALWAYS_SEARCH_USER_PATHS = NO;
				CLANG_ANALYZER_NONNULL = YES;
				CLANG_ANALYZER_NUMBER_OBJECT_CONVERSION = YES_AGGRESSIVE;
				CLANG_CXX_LANGUAGE_STANDARD = "gnu++20";
				CLANG_ENABLE_MODULES = YES;
				CLANG_ENABLE_OBJC_ARC = YES;
				CLANG_ENABLE_OBJC_WEAK = YES;
				CLANG_WARN_BLOCK_CAPTURE_AUTORELEASING = YES;
				CLANG_WARN_BOOL_CONVERSION = YES;
				CLANG_WARN_COMMA = YES;
				CLANG_WARN_CONSTANT_CONVERSION = YES;
				CLANG_WARN_DEPRECATED_OBJC_IMPLEMENTATIONS = YES;
				CLANG_WARN_DIRECT_OBJC_ISA_USAGE = YES_ERROR;
				CLANG_WARN_DOCUMENTATION_COMMENTS = YES;
				CLANG_WARN_EMPTY_BODY = YES;
				CLANG_WARN_ENUM_CONVERSION = YES;
				CLANG_WARN_INFINITE_RECURSION = YES;
				CLANG_WARN_INT_CONVERSION = YES;
				CLANG_WARN_NON_LITERAL_NULL_CONVERSION = YES;
				CLANG_WARN_OBJC_IMPLICIT_RETAIN_SELF = YES;
				CLANG_WARN_OBJC_LITERAL_CONVERSION = YES;
				CLANG_WARN_OBJC_ROOT_CLASS = YES_ERROR;
				CLANG_WARN_QUOTED_INCLUDE_IN_FRAMEWORK_HEADER = YES;
				CLANG_WARN_RANGE_LOOP_ANALYSIS = YES;
				CLANG_WARN_STRICT_PROTOTYPES = YES;
				CLANG_WARN_SUSPICIOUS_MOVE = YES;
				CLANG_WARN_UNGUARDED_AVAILABILITY = YES_AGGRESSIVE;
				CLANG_WARN_UNREACHABLE_CODE = YES;
				CLANG_WARN__DUPLICATE_METHOD_MATCH = YES;
				COPY_PHASE_STRIP = NO;
				DEBUG_INFORMATION_FORMAT = dwarf;
				ENABLE_STRICT_OBJC_MSGSEND = YES;
				ENABLE_TESTABILITY = YES;
				GCC_C_LANGUAGE_STANDARD = gnu11;
				GCC_DYNAMIC_NO_PIC = NO;
				GCC_NO_COMMON_BLOCKS = YES;
				GCC_OPTIMIZATION_LEVEL = 0;
				GCC_PREPROCESSOR_DEFINITIONS = (
					"DEBUG=1",
					"$(inherited)",
				);
				GCC_WARN_64_TO_32_BIT_CONVERSION = YES;
				GCC_WARN_ABOUT_RETURN_TYPE = YES_ERROR;
				GCC_WARN_UNDECLARED_SELECTOR = YES;
				GCC_WARN_UNINITIALIZED_AUTOS = YES_AGGRESSIVE;
				GCC_WARN_UNUSED_FUNCTION = YES;
				GCC_WARN_UNUSED_VARIABLE = YES;
				IPHONEOS_DEPLOYMENT_TARGET = 16.0;
				MTL_ENABLE_DEBUG_INFO = INCLUDE_SOURCE;
				MTL_FAST_MATH = YES;
				ONLY_ACTIVE_ARCH = YES;
				SDKROOT = iphoneos;
				SWIFT_ACTIVE_COMPILATION_CONDITIONS = DEBUG;
				SWIFT_OPTIMIZATION_LEVEL = "-Onone";
			};
			name = Debug;
		};
		8D92963D2A70DD7D00822EC7 /* Release */ = {
			isa = XCBuildConfiguration;
			buildSettings = {
				ALWAYS_SEARCH_USER_PATHS = NO;
				CLANG_ANALYZER_NONNULL = YES;
				CLANG_ANALYZER_NUMBER_OBJECT_CONVERSION = YES_AGGRESSIVE;
				CLANG_CXX_LANGUAGE_STANDARD = "gnu++20";
				CLANG_ENABLE_MODULES = YES;
				CLANG_ENABLE_OBJC_ARC = YES;
				CLANG_ENABLE_OBJC_WEAK = YES;
				CLANG_WARN_BLOCK_CAPTURE_AUTORELEASING = YES;
				CLANG_WARN_BOOL_CONVERSION = YES;
				CLANG_WARN_COMMA = YES;
				CLANG_WARN_CONSTANT_CONVERSION = YES;
				CLANG_WARN_DEPRECATED_OBJC_IMPLEMENTATIONS = YES;
				CLANG_WARN_DIRECT_OBJC_ISA_USAGE = YES_ERROR;
				CLANG_WARN_DOCUMENTATION_COMMENTS = YES;
				CLANG_WARN_EMPTY_BODY = YES;
				CLANG_WARN_ENUM_CONVERSION = YES;
				CLANG_WARN_INFINITE_RECURSION = YES;
				CLANG_WARN_INT_CONVERSION = YES;
				CLANG_WARN_NON_LITERAL_NULL_CONVERSION = YES;
				CLANG_WARN_OBJC_IMPLICIT_RETAIN_SELF = YES;
				CLANG_WARN_OBJC_LITERAL_CONVERSION = YES;
				CLANG_WARN_OBJC_ROOT_CLASS = YES_ERROR;
				CLANG_WARN_QUOTED_INCLUDE_IN_FRAMEWORK_HEADER = YES;
				CLANG_WARN_RANGE_LOOP_ANALYSIS = YES;
				CLANG_WARN_STRICT_PROTOTYPES = YES;
				CLANG_WARN_SUSPICIOUS_MOVE = YES;
				CLANG_WARN_UNGUARDED_AVAILABILITY = YES_AGGRESSIVE;
				CLANG_WARN_UNREACHABLE_CODE = YES;
				CLANG_WARN__DUPLICATE_METHOD_MATCH = YES;
				COPY_PHASE_STRIP = NO;
				DEBUG_INFORMATION_FORMAT = "dwarf-with-dsym";
				ENABLE_NS_ASSERTIONS = NO;
				ENABLE_STRICT_OBJC_MSGSEND = YES;
				GCC_C_LANGUAGE_STANDARD = gnu11;
				GCC_NO_COMMON_BLOCKS = YES;
				GCC_WARN_64_TO_32_BIT_CONVERSION = YES;
				GCC_WARN_ABOUT_RETURN_TYPE = YES_ERROR;
				GCC_WARN_UNDECLARED_SELECTOR = YES;
				GCC_WARN_UNINITIALIZED_AUTOS = YES_AGGRESSIVE;
				GCC_WARN_UNUSED_FUNCTION = YES;
				GCC_WARN_UNUSED_VARIABLE = YES;
				IPHONEOS_DEPLOYMENT_TARGET = 16.0;
				MTL_ENABLE_DEBUG_INFO = NO;
				MTL_FAST_MATH = YES;
				SDKROOT = iphoneos;
				SWIFT_COMPILATION_MODE = wholemodule;
				SWIFT_OPTIMIZATION_LEVEL = "-O";
				VALIDATE_PRODUCT = YES;
			};
			name = Release;
		};
		8D92963F2A70DD7D00822EC7 /* Debug */ = {
			isa = XCBuildConfiguration;
			buildSettings = {
				ASSETCATALOG_COMPILER_APPICON_NAME = AppIcon;
				ASSETCATALOG_COMPILER_GLOBAL_ACCENT_COLOR_NAME = AccentColor;
				CODE_SIGN_STYLE = Automatic;
				CURRENT_PROJECT_VERSION = 1;
				DEVELOPMENT_ASSET_PATHS = "\"TalkDrawing/Resources/Preview Content\"";
				DEVELOPMENT_TEAM = K3ZFZ6NBNT;
				ENABLE_PREVIEWS = YES;
				GENERATE_INFOPLIST_FILE = YES;
				INFOPLIST_FILE = TalkDrawing/Info.plist;
				INFOPLIST_KEY_NSMicrophoneUsageDescription = "This app uses the mircrophone to record audio for speech recognition.";
				INFOPLIST_KEY_NSPhotoLibraryAddUsageDescription = "This app needs to store the pictures";
				INFOPLIST_KEY_NSSpeechRecognitionUsageDescription = "This app uses speech recognition to convert your speech into text.";
				INFOPLIST_KEY_UIApplicationSceneManifest_Generation = YES;
				INFOPLIST_KEY_UIApplicationSupportsIndirectInputEvents = YES;
				INFOPLIST_KEY_UILaunchScreen_Generation = YES;
				INFOPLIST_KEY_UIRequiresFullScreen = YES;
				INFOPLIST_KEY_UISupportedInterfaceOrientations = "UIInterfaceOrientationLandscapeLeft UIInterfaceOrientationLandscapeRight UIInterfaceOrientationPortrait";
				INFOPLIST_KEY_UISupportedInterfaceOrientations_iPad = "UIInterfaceOrientationLandscapeLeft UIInterfaceOrientationLandscapeRight";
				IPHONEOS_DEPLOYMENT_TARGET = 16.4;
				LD_RUNPATH_SEARCH_PATHS = (
					"$(inherited)",
					"@executable_path/Frameworks",
				);
				MARKETING_VERSION = 1.0;
				PRODUCT_BUNDLE_IDENTIFIER = com.elee.TalkDrawing;
				PRODUCT_NAME = "$(TARGET_NAME)";
				SUPPORTED_PLATFORMS = "iphoneos iphonesimulator";
				SUPPORTS_MACCATALYST = NO;
				SUPPORTS_MAC_DESIGNED_FOR_IPHONE_IPAD = NO;
				SWIFT_EMIT_LOC_STRINGS = YES;
				SWIFT_VERSION = 5.0;
				TARGETED_DEVICE_FAMILY = 2;
			};
			name = Debug;
		};
		8D9296402A70DD7D00822EC7 /* Release */ = {
			isa = XCBuildConfiguration;
			buildSettings = {
				ASSETCATALOG_COMPILER_APPICON_NAME = AppIcon;
				ASSETCATALOG_COMPILER_GLOBAL_ACCENT_COLOR_NAME = AccentColor;
				CODE_SIGN_STYLE = Automatic;
				CURRENT_PROJECT_VERSION = 1;
				DEVELOPMENT_ASSET_PATHS = "\"TalkDrawing/Resources/Preview Content\"";
				DEVELOPMENT_TEAM = K3ZFZ6NBNT;
				ENABLE_PREVIEWS = YES;
				GENERATE_INFOPLIST_FILE = YES;
				INFOPLIST_FILE = TalkDrawing/Info.plist;
				INFOPLIST_KEY_NSMicrophoneUsageDescription = "This app uses the mircrophone to record audio for speech recognition.";
				INFOPLIST_KEY_NSPhotoLibraryAddUsageDescription = "This app needs to store the pictures";
				INFOPLIST_KEY_NSSpeechRecognitionUsageDescription = "This app uses speech recognition to convert your speech into text.";
				INFOPLIST_KEY_UIApplicationSceneManifest_Generation = YES;
				INFOPLIST_KEY_UIApplicationSupportsIndirectInputEvents = YES;
				INFOPLIST_KEY_UILaunchScreen_Generation = YES;
				INFOPLIST_KEY_UIRequiresFullScreen = YES;
				INFOPLIST_KEY_UISupportedInterfaceOrientations = "UIInterfaceOrientationLandscapeLeft UIInterfaceOrientationLandscapeRight UIInterfaceOrientationPortrait";
				INFOPLIST_KEY_UISupportedInterfaceOrientations_iPad = "UIInterfaceOrientationLandscapeLeft UIInterfaceOrientationLandscapeRight";
				IPHONEOS_DEPLOYMENT_TARGET = 16.4;
				LD_RUNPATH_SEARCH_PATHS = (
					"$(inherited)",
					"@executable_path/Frameworks",
				);
				MARKETING_VERSION = 1.0;
				PRODUCT_BUNDLE_IDENTIFIER = com.elee.TalkDrawing;
				PRODUCT_NAME = "$(TARGET_NAME)";
				SUPPORTED_PLATFORMS = "iphoneos iphonesimulator";
				SUPPORTS_MACCATALYST = NO;
				SUPPORTS_MAC_DESIGNED_FOR_IPHONE_IPAD = NO;
				SWIFT_EMIT_LOC_STRINGS = YES;
				SWIFT_VERSION = 5.0;
				TARGETED_DEVICE_FAMILY = 2;
			};
			name = Release;
		};
/* End XCBuildConfiguration section */

/* Begin XCConfigurationList section */
		8D92962B2A70DD7C00822EC7 /* Build configuration list for PBXProject "TalkDrawing" */ = {
			isa = XCConfigurationList;
			buildConfigurations = (
				8D92963C2A70DD7D00822EC7 /* Debug */,
				8D92963D2A70DD7D00822EC7 /* Release */,
			);
			defaultConfigurationIsVisible = 0;
			defaultConfigurationName = Release;
		};
		8D92963E2A70DD7D00822EC7 /* Build configuration list for PBXNativeTarget "TalkDrawing" */ = {
			isa = XCConfigurationList;
			buildConfigurations = (
				8D92963F2A70DD7D00822EC7 /* Debug */,
				8D9296402A70DD7D00822EC7 /* Release */,
			);
			defaultConfigurationIsVisible = 0;
			defaultConfigurationName = Release;
		};
/* End XCConfigurationList section */

/* Begin XCRemoteSwiftPackageReference section */
		8D9296D82A8632D300822EC7 /* XCRemoteSwiftPackageReference "realm-swift" */ = {
			isa = XCRemoteSwiftPackageReference;
			repositoryURL = "https://github.com/realm/realm-swift.git";
			requirement = {
				kind = upToNextMajorVersion;
				minimumVersion = 10.42.0;
			};
		};
		8D9296E02A89FF9700822EC7 /* XCRemoteSwiftPackageReference "SwiftSpeech" */ = {
			isa = XCRemoteSwiftPackageReference;
			repositoryURL = "https://github.com/Cay-Zhang/SwiftSpeech";
			requirement = {
				branch = master;
				kind = branch;
			};
		};
/* End XCRemoteSwiftPackageReference section */

/* Begin XCSwiftPackageProductDependency section */
		8D9296D92A8632D300822EC7 /* Realm */ = {
			isa = XCSwiftPackageProductDependency;
			package = 8D9296D82A8632D300822EC7 /* XCRemoteSwiftPackageReference "realm-swift" */;
			productName = Realm;
		};
		8D9296DB2A8632D300822EC7 /* RealmSwift */ = {
			isa = XCSwiftPackageProductDependency;
			package = 8D9296D82A8632D300822EC7 /* XCRemoteSwiftPackageReference "realm-swift" */;
			productName = RealmSwift;
		};
		8D9296E12A89FF9700822EC7 /* SwiftSpeech */ = {
			isa = XCSwiftPackageProductDependency;
			package = 8D9296E02A89FF9700822EC7 /* XCRemoteSwiftPackageReference "SwiftSpeech" */;
			productName = SwiftSpeech;
		};
/* End XCSwiftPackageProductDependency section */
	};
	rootObject = 8D9296282A70DD7C00822EC7 /* Project object */;
}
