{
  "originHash" : "57edb60e8eeb03efb1019729c09028d037770d69a4067735cbc0866427861915",
  "pins" : [
    {
      "identity" : "swiftspeech",
      "kind" : "remoteSourceControl",
      "location" : "https://github.com/Cay-Zhang/SwiftSpeech",
      "state" : {
        "branch" : "master",
        "revision" : "6e41f289f5ccc1751ef5674972d46b48b326c4c6"
      }
    }
  ],
  "version" : 3
}
